// !$*UTF8*$!
{
	archiveVersion = 1;
	classes = {
	};
	objectVersion = 46;
	objects = {

/* Begin PBXBuildFile section */
		51F8B9011CD78DF70029C1E0 /* Mice.h in Headers */ = {isa = PBXBuildFile; fileRef = 51F8B9001CD78DF70029C1E0 /* Mice.h */; settings = {ATTRIBUTES = (Public, ); }; };
		51F8B9321CD7B0E40029C1E0 /* Animation.swift in Sources */ = {isa = PBXBuildFile; fileRef = 51F8B90A1CD7B0E40029C1E0 /* Animation.swift */; };
		51F8B9331CD7B0E40029C1E0 /* Audio.h in Headers */ = {isa = PBXBuildFile; fileRef = 51F8B90B1CD7B0E40029C1E0 /* Audio.h */; };
		51F8B9341CD7B0E40029C1E0 /* Audio.m in Sources */ = {isa = PBXBuildFile; fileRef = 51F8B90C1CD7B0E40029C1E0 /* Audio.m */; };
		51F8B9351CD7B0E40029C1E0 /* Backdrop.swift in Sources */ = {isa = PBXBuildFile; fileRef = 51F8B90D1CD7B0E40029C1E0 /* Backdrop.swift */; };
		51F8B9361CD7B0E40029C1E0 /* Camera.swift in Sources */ = {isa = PBXBuildFile; fileRef = 51F8B90E1CD7B0E40029C1E0 /* Camera.swift */; };
		51F8B9371CD7B0E40029C1E0 /* Color.swift in Sources */ = {isa = PBXBuildFile; fileRef = 51F8B90F1CD7B0E40029C1E0 /* Color.swift */; };
		51F8B9381CD7B0E40029C1E0 /* Counter.swift in Sources */ = {isa = PBXBuildFile; fileRef = 51F8B9101CD7B0E40029C1E0 /* Counter.swift */; };
		51F8B9391CD7B0E40029C1E0 /* Definition.swift in Sources */ = {isa = PBXBuildFile; fileRef = 51F8B9111CD7B0E40029C1E0 /* Definition.swift */; };
		51F8B93A1CD7B0E40029C1E0 /* Direction.swift in Sources */ = {isa = PBXBuildFile; fileRef = 51F8B9121CD7B0E40029C1E0 /* Direction.swift */; };
		51F8B93B1CD7B0E40029C1E0 /* Director.swift in Sources */ = {isa = PBXBuildFile; fileRef = 51F8B9131CD7B0E40029C1E0 /* Director.swift */; };
		51F8B93C1CD7B0E40029C1E0 /* FadeScene.swift in Sources */ = {isa = PBXBuildFile; fileRef = 51F8B9141CD7B0E40029C1E0 /* FadeScene.swift */; };
		51F8B93D1CD7B0E40029C1E0 /* GamepadController.swift in Sources */ = {isa = PBXBuildFile; fileRef = 51F8B9151CD7B0E40029C1E0 /* GamepadController.swift */; };
		51F8B93E1CD7B0E40029C1E0 /* Grid.swift in Sources */ = {isa = PBXBuildFile; fileRef = 51F8B9161CD7B0E40029C1E0 /* Grid.swift */; };
		51F8B93F1CD7B0E40029C1E0 /* Hitbox.swift in Sources */ = {isa = PBXBuildFile; fileRef = 51F8B9171CD7B0E40029C1E0 /* Hitbox.swift */; };
		51F8B9401CD7B0E40029C1E0 /* Input.swift in Sources */ = {isa = PBXBuildFile; fileRef = 51F8B9181CD7B0E40029C1E0 /* Input.swift */; };
		51F8B9411CD7B0E40029C1E0 /* Layer.swift in Sources */ = {isa = PBXBuildFile; fileRef = 51F8B9191CD7B0E40029C1E0 /* Layer.swift */; };
		51F8B9421CD7B0E40029C1E0 /* LayerStructure.swift in Sources */ = {isa = PBXBuildFile; fileRef = 51F8B91A1CD7B0E40029C1E0 /* LayerStructure.swift */; };
		51F8B9431CD7B0E40029C1E0 /* Map.swift in Sources */ = {isa = PBXBuildFile; fileRef = 51F8B91B1CD7B0E40029C1E0 /* Map.swift */; };
		51F8B9441CD7B0E40029C1E0 /* Math.swift in Sources */ = {isa = PBXBuildFile; fileRef = 51F8B91C1CD7B0E40029C1E0 /* Math.swift */; };
		51F8B9451CD7B0E40029C1E0 /* Motion.swift in Sources */ = {isa = PBXBuildFile; fileRef = 51F8B91D1CD7B0E40029C1E0 /* Motion.swift */; };
		51F8B9461CD7B0E40029C1E0 /* NoController.swift in Sources */ = {isa = PBXBuildFile; fileRef = 51F8B91E1CD7B0E40029C1E0 /* NoController.swift */; };
		51F8B9471CD7B0E40029C1E0 /* Operation.swift in Sources */ = {isa = PBXBuildFile; fileRef = 51F8B91F1CD7B0E40029C1E0 /* Operation.swift */; };
		51F8B9481CD7B0E40029C1E0 /* Palette.swift in Sources */ = {isa = PBXBuildFile; fileRef = 51F8B9201CD7B0E40029C1E0 /* Palette.swift */; };
		51F8B9491CD7B0E40029C1E0 /* PerspectiveEffect.swift in Sources */ = {isa = PBXBuildFile; fileRef = 51F8B9211CD7B0E40029C1E0 /* PerspectiveEffect.swift */; };
		51F8B94A1CD7B0E40029C1E0 /* Plane.swift in Sources */ = {isa = PBXBuildFile; fileRef = 51F8B9221CD7B0E40029C1E0 /* Plane.swift */; };
		51F8B94B1CD7B0E40029C1E0 /* Point.swift in Sources */ = {isa = PBXBuildFile; fileRef = 51F8B9231CD7B0E40029C1E0 /* Point.swift */; };
		51F8B94C1CD7B0E40029C1E0 /* Random.swift in Sources */ = {isa = PBXBuildFile; fileRef = 51F8B9241CD7B0E40029C1E0 /* Random.swift */; };
		51F8B94D1CD7B0E40029C1E0 /* ReferencePool.swift in Sources */ = {isa = PBXBuildFile; fileRef = 51F8B9251CD7B0E40029C1E0 /* ReferencePool.swift */; };
		51F8B94E1CD7B0E40029C1E0 /* Resources.swift in Sources */ = {isa = PBXBuildFile; fileRef = 51F8B9261CD7B0E40029C1E0 /* Resources.swift */; };
		51F8B94F1CD7B0E40029C1E0 /* Scene.swift in Sources */ = {isa = PBXBuildFile; fileRef = 51F8B9271CD7B0E40029C1E0 /* Scene.swift */; };
		51F8B9501CD7B0E40029C1E0 /* SoundSet.swift in Sources */ = {isa = PBXBuildFile; fileRef = 51F8B9281CD7B0E40029C1E0 /* SoundSet.swift */; };
		51F8B9511CD7B0E40029C1E0 /* SpriteFactory.swift in Sources */ = {isa = PBXBuildFile; fileRef = 51F8B9291CD7B0E40029C1E0 /* SpriteFactory.swift */; };
		51F8B9521CD7B0E40029C1E0 /* Streams.swift in Sources */ = {isa = PBXBuildFile; fileRef = 51F8B92A1CD7B0E40029C1E0 /* Streams.swift */; };
		51F8B9531CD7B0E40029C1E0 /* Surface.h in Headers */ = {isa = PBXBuildFile; fileRef = 51F8B92B1CD7B0E40029C1E0 /* Surface.h */; };
		51F8B9541CD7B0E40029C1E0 /* Surface.m in Sources */ = {isa = PBXBuildFile; fileRef = 51F8B92C1CD7B0E40029C1E0 /* Surface.m */; };
		51F8B9551CD7B0E40029C1E0 /* SurfaceArray.h in Headers */ = {isa = PBXBuildFile; fileRef = 51F8B92D1CD7B0E40029C1E0 /* SurfaceArray.h */; };
		51F8B9561CD7B0E40029C1E0 /* SurfaceArray.m in Sources */ = {isa = PBXBuildFile; fileRef = 51F8B92E1CD7B0E40029C1E0 /* SurfaceArray.m */; };
		51F8B9571CD7B0E40029C1E0 /* Surfaces.swift in Sources */ = {isa = PBXBuildFile; fileRef = 51F8B92F1CD7B0E40029C1E0 /* Surfaces.swift */; };
		51F8B9581CD7B0E40029C1E0 /* TouchController.swift in Sources */ = {isa = PBXBuildFile; fileRef = 51F8B9301CD7B0E40029C1E0 /* TouchController.swift */; };
		51F8B9591CD7B0E40029C1E0 /* View.swift in Sources */ = {isa = PBXBuildFile; fileRef = 51F8B9311CD7B0E40029C1E0 /* View.swift */; };
		51F8B95B1CD7B1120029C1E0 /* Mice-Bridging-Header.h in Headers */ = {isa = PBXBuildFile; fileRef = 51F8B95A1CD7B1120029C1E0 /* Mice-Bridging-Header.h */; };
		51F8B95E1CD7B15B0029C1E0 /* Draws.swift in Sources */ = {isa = PBXBuildFile; fileRef = 51F8B95C1CD7B15B0029C1E0 /* Draws.swift */; };
		51F8B95F1CD7B15B0029C1E0 /* KeyboardListener.swift in Sources */ = {isa = PBXBuildFile; fileRef = 51F8B95D1CD7B15B0029C1E0 /* KeyboardListener.swift */; };
/* End PBXBuildFile section */

/* Begin PBXFileReference section */
		51F8B8FD1CD78DF70029C1E0 /* Mice.framework */ = {isa = PBXFileReference; explicitFileType = wrapper.framework; includeInIndex = 0; path = Mice.framework; sourceTree = BUILT_PRODUCTS_DIR; };
		51F8B9001CD78DF70029C1E0 /* Mice.h */ = {isa = PBXFileReference; lastKnownFileType = sourcecode.c.h; path = Mice.h; sourceTree = "<group>"; };
		51F8B9021CD78DF70029C1E0 /* Info.plist */ = {isa = PBXFileReference; lastKnownFileType = text.plist.xml; path = Info.plist; sourceTree = "<group>"; };
		51F8B90A1CD7B0E40029C1E0 /* Animation.swift */ = {isa = PBXFileReference; fileEncoding = 4; lastKnownFileType = sourcecode.swift; name = Animation.swift; path = ../../mice/Mice/Animation.swift; sourceTree = "<group>"; };
		51F8B90B1CD7B0E40029C1E0 /* Audio.h */ = {isa = PBXFileReference; fileEncoding = 4; lastKnownFileType = sourcecode.c.h; name = Audio.h; path = ../../mice/Mice/Audio.h; sourceTree = "<group>"; };
		51F8B90C1CD7B0E40029C1E0 /* Audio.m */ = {isa = PBXFileReference; fileEncoding = 4; lastKnownFileType = sourcecode.c.objc; name = Audio.m; path = ../../mice/Mice/Audio.m; sourceTree = "<group>"; };
		51F8B90D1CD7B0E40029C1E0 /* Backdrop.swift */ = {isa = PBXFileReference; fileEncoding = 4; lastKnownFileType = sourcecode.swift; name = Backdrop.swift; path = ../../mice/Mice/Backdrop.swift; sourceTree = "<group>"; };
		51F8B90E1CD7B0E40029C1E0 /* Camera.swift */ = {isa = PBXFileReference; fileEncoding = 4; lastKnownFileType = sourcecode.swift; name = Camera.swift; path = ../../mice/Mice/Camera.swift; sourceTree = "<group>"; };
		51F8B90F1CD7B0E40029C1E0 /* Color.swift */ = {isa = PBXFileReference; fileEncoding = 4; lastKnownFileType = sourcecode.swift; name = Color.swift; path = ../../mice/Mice/Color.swift; sourceTree = "<group>"; };
		51F8B9101CD7B0E40029C1E0 /* Counter.swift */ = {isa = PBXFileReference; fileEncoding = 4; lastKnownFileType = sourcecode.swift; name = Counter.swift; path = ../../mice/Mice/Counter.swift; sourceTree = "<group>"; };
		51F8B9111CD7B0E40029C1E0 /* Definition.swift */ = {isa = PBXFileReference; fileEncoding = 4; lastKnownFileType = sourcecode.swift; name = Definition.swift; path = ../../mice/Mice/Definition.swift; sourceTree = "<group>"; };
		51F8B9121CD7B0E40029C1E0 /* Direction.swift */ = {isa = PBXFileReference; fileEncoding = 4; lastKnownFileType = sourcecode.swift; name = Direction.swift; path = ../../mice/Mice/Direction.swift; sourceTree = "<group>"; };
		51F8B9131CD7B0E40029C1E0 /* Director.swift */ = {isa = PBXFileReference; fileEncoding = 4; lastKnownFileType = sourcecode.swift; name = Director.swift; path = ../../mice/Mice/Director.swift; sourceTree = "<group>"; };
		51F8B9141CD7B0E40029C1E0 /* FadeScene.swift */ = {isa = PBXFileReference; fileEncoding = 4; lastKnownFileType = sourcecode.swift; name = FadeScene.swift; path = ../../mice/Mice/FadeScene.swift; sourceTree = "<group>"; };
		51F8B9151CD7B0E40029C1E0 /* GamepadController.swift */ = {isa = PBXFileReference; fileEncoding = 4; lastKnownFileType = sourcecode.swift; name = GamepadController.swift; path = ../../mice/Mice/GamepadController.swift; sourceTree = "<group>"; };
		51F8B9161CD7B0E40029C1E0 /* Grid.swift */ = {isa = PBXFileReference; fileEncoding = 4; lastKnownFileType = sourcecode.swift; name = Grid.swift; path = ../../mice/Mice/Grid.swift; sourceTree = "<group>"; };
		51F8B9171CD7B0E40029C1E0 /* Hitbox.swift */ = {isa = PBXFileReference; fileEncoding = 4; lastKnownFileType = sourcecode.swift; name = Hitbox.swift; path = ../../mice/Mice/Hitbox.swift; sourceTree = "<group>"; };
		51F8B9181CD7B0E40029C1E0 /* Input.swift */ = {isa = PBXFileReference; fileEncoding = 4; lastKnownFileType = sourcecode.swift; name = Input.swift; path = ../../mice/Mice/Input.swift; sourceTree = "<group>"; };
		51F8B9191CD7B0E40029C1E0 /* Layer.swift */ = {isa = PBXFileReference; fileEncoding = 4; lastKnownFileType = sourcecode.swift; name = Layer.swift; path = ../../mice/Mice/Layer.swift; sourceTree = "<group>"; };
		51F8B91A1CD7B0E40029C1E0 /* LayerStructure.swift */ = {isa = PBXFileReference; fileEncoding = 4; lastKnownFileType = sourcecode.swift; name = LayerStructure.swift; path = ../../mice/Mice/LayerStructure.swift; sourceTree = "<group>"; };
		51F8B91B1CD7B0E40029C1E0 /* Map.swift */ = {isa = PBXFileReference; fileEncoding = 4; lastKnownFileType = sourcecode.swift; name = Map.swift; path = ../../mice/Mice/Map.swift; sourceTree = "<group>"; };
		51F8B91C1CD7B0E40029C1E0 /* Math.swift */ = {isa = PBXFileReference; fileEncoding = 4; lastKnownFileType = sourcecode.swift; name = Math.swift; path = ../../mice/Mice/Math.swift; sourceTree = "<group>"; };
		51F8B91D1CD7B0E40029C1E0 /* Motion.swift */ = {isa = PBXFileReference; fileEncoding = 4; lastKnownFileType = sourcecode.swift; name = Motion.swift; path = ../../mice/Mice/Motion.swift; sourceTree = "<group>"; };
		51F8B91E1CD7B0E40029C1E0 /* NoController.swift */ = {isa = PBXFileReference; fileEncoding = 4; lastKnownFileType = sourcecode.swift; name = NoController.swift; path = ../../mice/Mice/NoController.swift; sourceTree = "<group>"; };
		51F8B91F1CD7B0E40029C1E0 /* Operation.swift */ = {isa = PBXFileReference; fileEncoding = 4; lastKnownFileType = sourcecode.swift; name = Operation.swift; path = ../../mice/Mice/Operation.swift; sourceTree = "<group>"; };
		51F8B9201CD7B0E40029C1E0 /* Palette.swift */ = {isa = PBXFileReference; fileEncoding = 4; lastKnownFileType = sourcecode.swift; name = Palette.swift; path = ../../mice/Mice/Palette.swift; sourceTree = "<group>"; };
		51F8B9211CD7B0E40029C1E0 /* PerspectiveEffect.swift */ = {isa = PBXFileReference; fileEncoding = 4; lastKnownFileType = sourcecode.swift; name = PerspectiveEffect.swift; path = ../../mice/Mice/PerspectiveEffect.swift; sourceTree = "<group>"; };
		51F8B9221CD7B0E40029C1E0 /* Plane.swift */ = {isa = PBXFileReference; fileEncoding = 4; lastKnownFileType = sourcecode.swift; name = Plane.swift; path = ../../mice/Mice/Plane.swift; sourceTree = "<group>"; };
		51F8B9231CD7B0E40029C1E0 /* Point.swift */ = {isa = PBXFileReference; fileEncoding = 4; lastKnownFileType = sourcecode.swift; name = Point.swift; path = ../../mice/Mice/Point.swift; sourceTree = "<group>"; };
		51F8B9241CD7B0E40029C1E0 /* Random.swift */ = {isa = PBXFileReference; fileEncoding = 4; lastKnownFileType = sourcecode.swift; name = Random.swift; path = ../../mice/Mice/Random.swift; sourceTree = "<group>"; };
		51F8B9251CD7B0E40029C1E0 /* ReferencePool.swift */ = {isa = PBXFileReference; fileEncoding = 4; lastKnownFileType = sourcecode.swift; name = ReferencePool.swift; path = ../../mice/Mice/ReferencePool.swift; sourceTree = "<group>"; };
		51F8B9261CD7B0E40029C1E0 /* Resources.swift */ = {isa = PBXFileReference; fileEncoding = 4; lastKnownFileType = sourcecode.swift; name = Resources.swift; path = ../../mice/Mice/Resources.swift; sourceTree = "<group>"; };
		51F8B9271CD7B0E40029C1E0 /* Scene.swift */ = {isa = PBXFileReference; fileEncoding = 4; lastKnownFileType = sourcecode.swift; name = Scene.swift; path = ../../mice/Mice/Scene.swift; sourceTree = "<group>"; };
		51F8B9281CD7B0E40029C1E0 /* SoundSet.swift */ = {isa = PBXFileReference; fileEncoding = 4; lastKnownFileType = sourcecode.swift; name = SoundSet.swift; path = ../../mice/Mice/SoundSet.swift; sourceTree = "<group>"; };
		51F8B9291CD7B0E40029C1E0 /* SpriteFactory.swift */ = {isa = PBXFileReference; fileEncoding = 4; lastKnownFileType = sourcecode.swift; name = SpriteFactory.swift; path = ../../mice/Mice/SpriteFactory.swift; sourceTree = "<group>"; };
		51F8B92A1CD7B0E40029C1E0 /* Streams.swift */ = {isa = PBXFileReference; fileEncoding = 4; lastKnownFileType = sourcecode.swift; name = Streams.swift; path = ../../mice/Mice/Streams.swift; sourceTree = "<group>"; };
		51F8B92B1CD7B0E40029C1E0 /* Surface.h */ = {isa = PBXFileReference; fileEncoding = 4; lastKnownFileType = sourcecode.c.h; name = Surface.h; path = ../../mice/Mice/Surface.h; sourceTree = "<group>"; };
		51F8B92C1CD7B0E40029C1E0 /* Surface.m */ = {isa = PBXFileReference; fileEncoding = 4; lastKnownFileType = sourcecode.c.objc; name = Surface.m; path = ../../mice/Mice/Surface.m; sourceTree = "<group>"; };
		51F8B92D1CD7B0E40029C1E0 /* SurfaceArray.h */ = {isa = PBXFileReference; fileEncoding = 4; lastKnownFileType = sourcecode.c.h; name = SurfaceArray.h; path = ../../mice/Mice/SurfaceArray.h; sourceTree = "<group>"; };
		51F8B92E1CD7B0E40029C1E0 /* SurfaceArray.m */ = {isa = PBXFileReference; fileEncoding = 4; lastKnownFileType = sourcecode.c.objc; name = SurfaceArray.m; path = ../../mice/Mice/SurfaceArray.m; sourceTree = "<group>"; };
		51F8B92F1CD7B0E40029C1E0 /* Surfaces.swift */ = {isa = PBXFileReference; fileEncoding = 4; lastKnownFileType = sourcecode.swift; name = Surfaces.swift; path = ../../mice/Mice/Surfaces.swift; sourceTree = "<group>"; };
		51F8B9301CD7B0E40029C1E0 /* TouchController.swift */ = {isa = PBXFileReference; fileEncoding = 4; lastKnownFileType = sourcecode.swift; name = TouchController.swift; path = ../../mice/Mice/TouchController.swift; sourceTree = "<group>"; };
		51F8B9311CD7B0E40029C1E0 /* View.swift */ = {isa = PBXFileReference; fileEncoding = 4; lastKnownFileType = sourcecode.swift; name = View.swift; path = ../../mice/Mice/View.swift; sourceTree = "<group>"; };
		51F8B95A1CD7B1120029C1E0 /* Mice-Bridging-Header.h */ = {isa = PBXFileReference; fileEncoding = 4; lastKnownFileType = sourcecode.c.h; path = "Mice-Bridging-Header.h"; sourceTree = "<group>"; };
		51F8B95C1CD7B15B0029C1E0 /* Draws.swift */ = {isa = PBXFileReference; fileEncoding = 4; lastKnownFileType = sourcecode.swift; name = Draws.swift; path = ../../mice/Mice/Draws.swift; sourceTree = "<group>"; };
		51F8B95D1CD7B15B0029C1E0 /* KeyboardListener.swift */ = {isa = PBXFileReference; fileEncoding = 4; lastKnownFileType = sourcecode.swift; name = KeyboardListener.swift; path = ../../mice/Mice/KeyboardListener.swift; sourceTree = "<group>"; };
/* End PBXFileReference section */

/* Begin PBXFrameworksBuildPhase section */
		51F8B8F91CD78DF70029C1E0 /* Frameworks */ = {
			isa = PBXFrameworksBuildPhase;
			buildActionMask = 2147483647;
			files = (
			);
			runOnlyForDeploymentPostprocessing = 0;
		};
/* End PBXFrameworksBuildPhase section */

/* Begin PBXGroup section */
		51F8B8F31CD78DF70029C1E0 = {
			isa = PBXGroup;
			children = (
				51F8B8FF1CD78DF70029C1E0 /* Mice */,
				51F8B8FE1CD78DF70029C1E0 /* Products */,
			);
			sourceTree = "<group>";
		};
		51F8B8FE1CD78DF70029C1E0 /* Products */ = {
			isa = PBXGroup;
			children = (
				51F8B8FD1CD78DF70029C1E0 /* Mice.framework */,
			);
			name = Products;
			sourceTree = "<group>";
		};
		51F8B8FF1CD78DF70029C1E0 /* Mice */ = {
			isa = PBXGroup;
			children = (
				51F8B90A1CD7B0E40029C1E0 /* Animation.swift */,
				51F8B90B1CD7B0E40029C1E0 /* Audio.h */,
				51F8B90C1CD7B0E40029C1E0 /* Audio.m */,
				51F8B90D1CD7B0E40029C1E0 /* Backdrop.swift */,
				51F8B90E1CD7B0E40029C1E0 /* Camera.swift */,
				51F8B90F1CD7B0E40029C1E0 /* Color.swift */,
				51F8B9101CD7B0E40029C1E0 /* Counter.swift */,
				51F8B9111CD7B0E40029C1E0 /* Definition.swift */,
				51F8B9121CD7B0E40029C1E0 /* Direction.swift */,
				51F8B9131CD7B0E40029C1E0 /* Director.swift */,
				51F8B95C1CD7B15B0029C1E0 /* Draws.swift */,
				51F8B9141CD7B0E40029C1E0 /* FadeScene.swift */,
				51F8B9151CD7B0E40029C1E0 /* GamepadController.swift */,
				51F8B9161CD7B0E40029C1E0 /* Grid.swift */,
				51F8B9171CD7B0E40029C1E0 /* Hitbox.swift */,
				51F8B9181CD7B0E40029C1E0 /* Input.swift */,
				51F8B95D1CD7B15B0029C1E0 /* KeyboardListener.swift */,
				51F8B9191CD7B0E40029C1E0 /* Layer.swift */,
				51F8B91A1CD7B0E40029C1E0 /* LayerStructure.swift */,
				51F8B91B1CD7B0E40029C1E0 /* Map.swift */,
				51F8B91C1CD7B0E40029C1E0 /* Math.swift */,
				51F8B91D1CD7B0E40029C1E0 /* Motion.swift */,
				51F8B91E1CD7B0E40029C1E0 /* NoController.swift */,
				51F8B91F1CD7B0E40029C1E0 /* Operation.swift */,
				51F8B9201CD7B0E40029C1E0 /* Palette.swift */,
				51F8B9211CD7B0E40029C1E0 /* PerspectiveEffect.swift */,
				51F8B9221CD7B0E40029C1E0 /* Plane.swift */,
				51F8B9231CD7B0E40029C1E0 /* Point.swift */,
				51F8B9241CD7B0E40029C1E0 /* Random.swift */,
				51F8B9251CD7B0E40029C1E0 /* ReferencePool.swift */,
				51F8B9261CD7B0E40029C1E0 /* Resources.swift */,
				51F8B9271CD7B0E40029C1E0 /* Scene.swift */,
				51F8B9281CD7B0E40029C1E0 /* SoundSet.swift */,
				51F8B9291CD7B0E40029C1E0 /* SpriteFactory.swift */,
				51F8B92A1CD7B0E40029C1E0 /* Streams.swift */,
				51F8B92B1CD7B0E40029C1E0 /* Surface.h */,
				51F8B92C1CD7B0E40029C1E0 /* Surface.m */,
				51F8B92D1CD7B0E40029C1E0 /* SurfaceArray.h */,
				51F8B92E1CD7B0E40029C1E0 /* SurfaceArray.m */,
				51F8B92F1CD7B0E40029C1E0 /* Surfaces.swift */,
				51F8B9301CD7B0E40029C1E0 /* TouchController.swift */,
				51F8B9311CD7B0E40029C1E0 /* View.swift */,
				51F8B9081CD78E400029C1E0 /* Scene */,
				51F8B9091CD78E780029C1E0 /* Layer */,
				51F8B9001CD78DF70029C1E0 /* Mice.h */,
				51F8B9021CD78DF70029C1E0 /* Info.plist */,
				51F8B95A1CD7B1120029C1E0 /* Mice-Bridging-Header.h */,
			);
			path = Mice;
			sourceTree = "<group>";
		};
		51F8B9081CD78E400029C1E0 /* Scene */ = {
			isa = PBXGroup;
			children = (
			);
			name = Scene;
			sourceTree = "<group>";
		};
		51F8B9091CD78E780029C1E0 /* Layer */ = {
			isa = PBXGroup;
			children = (
			);
			name = Layer;
			sourceTree = "<group>";
		};
/* End PBXGroup section */

/* Begin PBXHeadersBuildPhase section */
		51F8B8FA1CD78DF70029C1E0 /* Headers */ = {
			isa = PBXHeadersBuildPhase;
			buildActionMask = 2147483647;
			files = (
				51F8B9551CD7B0E40029C1E0 /* SurfaceArray.h in Headers */,
				51F8B9011CD78DF70029C1E0 /* Mice.h in Headers */,
				51F8B95B1CD7B1120029C1E0 /* Mice-Bridging-Header.h in Headers */,
				51F8B9331CD7B0E40029C1E0 /* Audio.h in Headers */,
				51F8B9531CD7B0E40029C1E0 /* Surface.h in Headers */,
			);
			runOnlyForDeploymentPostprocessing = 0;
		};
/* End PBXHeadersBuildPhase section */

/* Begin PBXNativeTarget section */
		51F8B8FC1CD78DF70029C1E0 /* Mice */ = {
			isa = PBXNativeTarget;
			buildConfigurationList = 51F8B9051CD78DF70029C1E0 /* Build configuration list for PBXNativeTarget "Mice" */;
			buildPhases = (
				51F8B8F81CD78DF70029C1E0 /* Sources */,
				51F8B8F91CD78DF70029C1E0 /* Frameworks */,
				51F8B8FA1CD78DF70029C1E0 /* Headers */,
				51F8B8FB1CD78DF70029C1E0 /* Resources */,
			);
			buildRules = (
			);
			dependencies = (
			);
			name = Mice;
			productName = Mice;
			productReference = 51F8B8FD1CD78DF70029C1E0 /* Mice.framework */;
			productType = "com.apple.product-type.framework";
		};
/* End PBXNativeTarget section */

/* Begin PBXProject section */
		51F8B8F41CD78DF70029C1E0 /* Project object */ = {
			isa = PBXProject;
			attributes = {
				LastUpgradeCheck = 0730;
				ORGANIZATIONNAME = "Raphaël Calabro";
				TargetAttributes = {
					51F8B8FC1CD78DF70029C1E0 = {
						CreatedOnToolsVersion = 7.3;
					};
				};
			};
			buildConfigurationList = 51F8B8F71CD78DF70029C1E0 /* Build configuration list for PBXProject "Mice" */;
			compatibilityVersion = "Xcode 3.2";
			developmentRegion = English;
			hasScannedForEncodings = 0;
			knownRegions = (
				en,
			);
			mainGroup = 51F8B8F31CD78DF70029C1E0;
			productRefGroup = 51F8B8FE1CD78DF70029C1E0 /* Products */;
			projectDirPath = "";
			projectRoot = "";
			targets = (
				51F8B8FC1CD78DF70029C1E0 /* Mice */,
			);
		};
/* End PBXProject section */

/* Begin PBXResourcesBuildPhase section */
		51F8B8FB1CD78DF70029C1E0 /* Resources */ = {
			isa = PBXResourcesBuildPhase;
			buildActionMask = 2147483647;
			files = (
			);
			runOnlyForDeploymentPostprocessing = 0;
		};
/* End PBXResourcesBuildPhase section */

/* Begin PBXSourcesBuildPhase section */
		51F8B8F81CD78DF70029C1E0 /* Sources */ = {
			isa = PBXSourcesBuildPhase;
			buildActionMask = 2147483647;
			files = (
				51F8B9401CD7B0E40029C1E0 /* Input.swift in Sources */,
				51F8B9481CD7B0E40029C1E0 /* Palette.swift in Sources */,
				51F8B94C1CD7B0E40029C1E0 /* Random.swift in Sources */,
				51F8B9361CD7B0E40029C1E0 /* Camera.swift in Sources */,
				51F8B94D1CD7B0E40029C1E0 /* ReferencePool.swift in Sources */,
				51F8B9461CD7B0E40029C1E0 /* NoController.swift in Sources */,
				51F8B9351CD7B0E40029C1E0 /* Backdrop.swift in Sources */,
				51F8B9521CD7B0E40029C1E0 /* Streams.swift in Sources */,
				51F8B9511CD7B0E40029C1E0 /* SpriteFactory.swift in Sources */,
				51F8B9591CD7B0E40029C1E0 /* View.swift in Sources */,
				51F8B9381CD7B0E40029C1E0 /* Counter.swift in Sources */,
				51F8B9431CD7B0E40029C1E0 /* Map.swift in Sources */,
				51F8B94E1CD7B0E40029C1E0 /* Resources.swift in Sources */,
				51F8B93A1CD7B0E40029C1E0 /* Direction.swift in Sources */,
				51F8B9451CD7B0E40029C1E0 /* Motion.swift in Sources */,
				51F8B95E1CD7B15B0029C1E0 /* Draws.swift in Sources */,
				51F8B9471CD7B0E40029C1E0 /* Operation.swift in Sources */,
				51F8B9341CD7B0E40029C1E0 /* Audio.m in Sources */,
				51F8B9501CD7B0E40029C1E0 /* SoundSet.swift in Sources */,
				51F8B9561CD7B0E40029C1E0 /* SurfaceArray.m in Sources */,
				51F8B9391CD7B0E40029C1E0 /* Definition.swift in Sources */,
				51F8B9371CD7B0E40029C1E0 /* Color.swift in Sources */,
				51F8B93B1CD7B0E40029C1E0 /* Director.swift in Sources */,
				51F8B9491CD7B0E40029C1E0 /* PerspectiveEffect.swift in Sources */,
				51F8B93C1CD7B0E40029C1E0 /* FadeScene.swift in Sources */,
				51F8B9441CD7B0E40029C1E0 /* Math.swift in Sources */,
				51F8B94F1CD7B0E40029C1E0 /* Scene.swift in Sources */,
				51F8B9321CD7B0E40029C1E0 /* Animation.swift in Sources */,
				51F8B93D1CD7B0E40029C1E0 /* GamepadController.swift in Sources */,
				51F8B9541CD7B0E40029C1E0 /* Surface.m in Sources */,
				51F8B9411CD7B0E40029C1E0 /* Layer.swift in Sources */,
				51F8B9571CD7B0E40029C1E0 /* Surfaces.swift in Sources */,
				51F8B9421CD7B0E40029C1E0 /* LayerStructure.swift in Sources */,
				51F8B94B1CD7B0E40029C1E0 /* Point.swift in Sources */,
				51F8B93E1CD7B0E40029C1E0 /* Grid.swift in Sources */,
				51F8B94A1CD7B0E40029C1E0 /* Plane.swift in Sources */,
				51F8B93F1CD7B0E40029C1E0 /* Hitbox.swift in Sources */,
				51F8B95F1CD7B15B0029C1E0 /* KeyboardListener.swift in Sources */,
				51F8B9581CD7B0E40029C1E0 /* TouchController.swift in Sources */,
			);
			runOnlyForDeploymentPostprocessing = 0;
		};
/* End PBXSourcesBuildPhase section */

/* Begin XCBuildConfiguration section */
		51F8B9031CD78DF70029C1E0 /* Debug */ = {
			isa = XCBuildConfiguration;
			buildSettings = {
				ALWAYS_SEARCH_USER_PATHS = NO;
				CLANG_ANALYZER_NONNULL = YES;
				CLANG_CXX_LANGUAGE_STANDARD = "gnu++0x";
				CLANG_CXX_LIBRARY = "libc++";
				CLANG_ENABLE_MODULES = YES;
				CLANG_ENABLE_OBJC_ARC = YES;
				CLANG_WARN_BOOL_CONVERSION = YES;
				CLANG_WARN_CONSTANT_CONVERSION = YES;
				CLANG_WARN_DIRECT_OBJC_ISA_USAGE = YES_ERROR;
				CLANG_WARN_EMPTY_BODY = YES;
				CLANG_WARN_ENUM_CONVERSION = YES;
				CLANG_WARN_INT_CONVERSION = YES;
				CLANG_WARN_OBJC_ROOT_CLASS = YES_ERROR;
				CLANG_WARN_UNREACHABLE_CODE = YES;
				CLANG_WARN__DUPLICATE_METHOD_MATCH = YES;
				"CODE_SIGN_IDENTITY[sdk=iphoneos*]" = "iPhone Developer";
				COPY_PHASE_STRIP = NO;
				CURRENT_PROJECT_VERSION = 1;
				DEBUG_INFORMATION_FORMAT = dwarf;
				ENABLE_STRICT_OBJC_MSGSEND = YES;
				ENABLE_TESTABILITY = YES;
				GCC_C_LANGUAGE_STANDARD = gnu99;
				GCC_DYNAMIC_NO_PIC = NO;
				GCC_NO_COMMON_BLOCKS = YES;
				GCC_OPTIMIZATION_LEVEL = 0;
				GCC_PREPROCESSOR_DEFINITIONS = (
					"DEBUG=1",
					"$(inherited)",
				);
				GCC_WARN_64_TO_32_BIT_CONVERSION = YES;
				GCC_WARN_ABOUT_RETURN_TYPE = YES_ERROR;
				GCC_WARN_UNDECLARED_SELECTOR = YES;
				GCC_WARN_UNINITIALIZED_AUTOS = YES_AGGRESSIVE;
				GCC_WARN_UNUSED_FUNCTION = YES;
				GCC_WARN_UNUSED_VARIABLE = YES;
				IPHONEOS_DEPLOYMENT_TARGET = 9.3;
				MTL_ENABLE_DEBUG_INFO = YES;
				ONLY_ACTIVE_ARCH = YES;
				SDKROOT = iphoneos;
				SWIFT_OPTIMIZATION_LEVEL = "-Onone";
				TARGETED_DEVICE_FAMILY = "1,2";
				VERSIONING_SYSTEM = "apple-generic";
				VERSION_INFO_PREFIX = "";
			};
			name = Debug;
		};
		51F8B9041CD78DF70029C1E0 /* Release */ = {
			isa = XCBuildConfiguration;
			buildSettings = {
				ALWAYS_SEARCH_USER_PATHS = NO;
				CLANG_ANALYZER_NONNULL = YES;
				CLANG_CXX_LANGUAGE_STANDARD = "gnu++0x";
				CLANG_CXX_LIBRARY = "libc++";
				CLANG_ENABLE_MODULES = YES;
				CLANG_ENABLE_OBJC_ARC = YES;
				CLANG_WARN_BOOL_CONVERSION = YES;
				CLANG_WARN_CONSTANT_CONVERSION = YES;
				CLANG_WARN_DIRECT_OBJC_ISA_USAGE = YES_ERROR;
				CLANG_WARN_EMPTY_BODY = YES;
				CLANG_WARN_ENUM_CONVERSION = YES;
				CLANG_WARN_INT_CONVERSION = YES;
				CLANG_WARN_OBJC_ROOT_CLASS = YES_ERROR;
				CLANG_WARN_UNREACHABLE_CODE = YES;
				CLANG_WARN__DUPLICATE_METHOD_MATCH = YES;
				"CODE_SIGN_IDENTITY[sdk=iphoneos*]" = "iPhone Developer";
				COPY_PHASE_STRIP = NO;
				CURRENT_PROJECT_VERSION = 1;
				DEBUG_INFORMATION_FORMAT = "dwarf-with-dsym";
				ENABLE_NS_ASSERTIONS = NO;
				ENABLE_STRICT_OBJC_MSGSEND = YES;
				GCC_C_LANGUAGE_STANDARD = gnu99;
				GCC_NO_COMMON_BLOCKS = YES;
				GCC_WARN_64_TO_32_BIT_CONVERSION = YES;
				GCC_WARN_ABOUT_RETURN_TYPE = YES_ERROR;
				GCC_WARN_UNDECLARED_SELECTOR = YES;
				GCC_WARN_UNINITIALIZED_AUTOS = YES_AGGRESSIVE;
				GCC_WARN_UNUSED_FUNCTION = YES;
				GCC_WARN_UNUSED_VARIABLE = YES;
				IPHONEOS_DEPLOYMENT_TARGET = 9.3;
				MTL_ENABLE_DEBUG_INFO = NO;
				SDKROOT = iphoneos;
				TARGETED_DEVICE_FAMILY = "1,2";
				VALIDATE_PRODUCT = YES;
				VERSIONING_SYSTEM = "apple-generic";
				VERSION_INFO_PREFIX = "";
			};
			name = Release;
		};
		51F8B9061CD78DF70029C1E0 /* Debug */ = {
			isa = XCBuildConfiguration;
			buildSettings = {
				CLANG_ENABLE_MODULES = YES;
				DEFINES_MODULE = YES;
				DYLIB_COMPATIBILITY_VERSION = 1;
				DYLIB_CURRENT_VERSION = 1;
				DYLIB_INSTALL_NAME_BASE = "@rpath";
				INFOPLIST_FILE = Mice/Info.plist;
				INSTALL_PATH = "$(LOCAL_LIBRARY_DIR)/Frameworks";
				LD_RUNPATH_SEARCH_PATHS = "$(inherited) @executable_path/Frameworks @loader_path/Frameworks";
				PRODUCT_BUNDLE_IDENTIFIER = fr.rca.Mice;
				PRODUCT_NAME = "$(TARGET_NAME)";
				SKIP_INSTALL = YES;
				SWIFT_OBJC_BRIDGING_HEADER = "$(SWIFT_MODULE_NAME)-Bridging-Header.h";
				SWIFT_OPTIMIZATION_LEVEL = "-Onone";
			};
			name = Debug;
		};
		51F8B9071CD78DF70029C1E0 /* Release */ = {
			isa = XCBuildConfiguration;
			buildSettings = {
				CLANG_ENABLE_MODULES = YES;
				DEFINES_MODULE = YES;
				DYLIB_COMPATIBILITY_VERSION = 1;
				DYLIB_CURRENT_VERSION = 1;
				DYLIB_INSTALL_NAME_BASE = "@rpath";
				INFOPLIST_FILE = Mice/Info.plist;
				INSTALL_PATH = "$(LOCAL_LIBRARY_DIR)/Frameworks";
				LD_RUNPATH_SEARCH_PATHS = "$(inherited) @executable_path/Frameworks @loader_path/Frameworks";
				PRODUCT_BUNDLE_IDENTIFIER = fr.rca.Mice;
				PRODUCT_NAME = "$(TARGET_NAME)";
				SKIP_INSTALL = YES;
				SWIFT_OBJC_BRIDGING_HEADER = "$(SWIFT_MODULE_NAME)-Bridging-Header.h";
			};
			name = Release;
		};
/* End XCBuildConfiguration section */

/* Begin XCConfigurationList section */
		51F8B8F71CD78DF70029C1E0 /* Build configuration list for PBXProject "Mice" */ = {
			isa = XCConfigurationList;
			buildConfigurations = (
				51F8B9031CD78DF70029C1E0 /* Debug */,
				51F8B9041CD78DF70029C1E0 /* Release */,
			);
			defaultConfigurationIsVisible = 0;
			defaultConfigurationName = Release;
		};
		51F8B9051CD78DF70029C1E0 /* Build configuration list for PBXNativeTarget "Mice" */ = {
			isa = XCConfigurationList;
			buildConfigurations = (
				51F8B9061CD78DF70029C1E0 /* Debug */,
				51F8B9071CD78DF70029C1E0 /* Release */,
			);
			defaultConfigurationIsVisible = 0;
		};
/* End XCConfigurationList section */
	};
	rootObject = 51F8B8F41CD78DF70029C1E0 /* Project object */;
}
