// !$*UTF8*$!
{
	archiveVersion = 1;
	classes = {
	};
	objectVersion = 46;
	objects = {

/* Begin PBXBuildFile section */
		515FDEB21E27F38E00B2DF31 /* HasHitbox.swift in Sources */ = {isa = PBXBuildFile; fileRef = 515FDEB11E27F38E00B2DF31 /* HasHitbox.swift */; };
		515FDEB31E27F38E00B2DF31 /* HasHitbox.swift in Sources */ = {isa = PBXBuildFile; fileRef = 515FDEB11E27F38E00B2DF31 /* HasHitbox.swift */; };
		5161412A1CEDD4630037C6E9 /* Textures.swift in Sources */ = {isa = PBXBuildFile; fileRef = 516141291CEDD4630037C6E9 /* Textures.swift */; };
		5161412B1CEDD4630037C6E9 /* Textures.swift in Sources */ = {isa = PBXBuildFile; fileRef = 516141291CEDD4630037C6E9 /* Textures.swift */; };
		516141391CEDFB8D0037C6E9 /* SpriteAtlas.swift in Sources */ = {isa = PBXBuildFile; fileRef = 516141381CEDFB8D0037C6E9 /* SpriteAtlas.swift */; };
		5161413A1CEDFB8D0037C6E9 /* SpriteAtlas.swift in Sources */ = {isa = PBXBuildFile; fileRef = 516141381CEDFB8D0037C6E9 /* SpriteAtlas.swift */; };
		516896481CEC92B400B23BD8 /* GamepadController.swift in Sources */ = {isa = PBXBuildFile; fileRef = 51F8B9151CD7B0E40029C1E0 /* GamepadController.swift */; };
		516896491CEC92B700B23BD8 /* GamepadController.swift in Sources */ = {isa = PBXBuildFile; fileRef = 51F8B9151CD7B0E40029C1E0 /* GamepadController.swift */; };
		5168964A1CEC92C700B23BD8 /* NoController.swift in Sources */ = {isa = PBXBuildFile; fileRef = 51F8B91E1CD7B0E40029C1E0 /* NoController.swift */; };
		5168964B1CEC92C800B23BD8 /* NoController.swift in Sources */ = {isa = PBXBuildFile; fileRef = 51F8B91E1CD7B0E40029C1E0 /* NoController.swift */; };
		519F80F51CECD14800211E4C /* KeyboardController.swift in Sources */ = {isa = PBXBuildFile; fileRef = 519F80F31CECD14200211E4C /* KeyboardController.swift */; };
		51B04AF41CF87D6800048E46 /* PerspectiveCalibrationScene.swift in Sources */ = {isa = PBXBuildFile; fileRef = 51B04AF31CF87D6700048E46 /* PerspectiveCalibrationScene.swift */; };
		51B04B001CF8942400048E46 /* OpenALAudio.swift in Sources */ = {isa = PBXBuildFile; fileRef = 51D9F5771CD9E257000AB096 /* OpenALAudio.swift */; };
		51C476B61CFED96D00C22A38 /* Gradient.swift in Sources */ = {isa = PBXBuildFile; fileRef = 51C476B51CFED96D00C22A38 /* Gradient.swift */; };
		51C476B71CFED96D00C22A38 /* Gradient.swift in Sources */ = {isa = PBXBuildFile; fileRef = 51C476B51CFED96D00C22A38 /* Gradient.swift */; };
		51F73C741D007758007E8276 /* MelisseViewController-iOS.swift in Sources */ = {isa = PBXBuildFile; fileRef = 51F73C731D007758007E8276 /* MelisseViewController-iOS.swift */; };
		51F73C771D007926007E8276 /* MelisseViewController-Mac.swift in Sources */ = {isa = PBXBuildFile; fileRef = 51F73C761D007926007E8276 /* MelisseViewController-Mac.swift */; };
		51F73C791D00799C007E8276 /* MelisseViewController-Shared.swift in Sources */ = {isa = PBXBuildFile; fileRef = 51F73C781D00799C007E8276 /* MelisseViewController-Shared.swift */; };
		51F73C7A1D007D93007E8276 /* MelisseViewController-Shared.swift in Sources */ = {isa = PBXBuildFile; fileRef = 51F73C781D00799C007E8276 /* MelisseViewController-Shared.swift */; };
		56ACEBC61D1ACD3F00038CA4 /* TouchSensitiveZone.swift in Sources */ = {isa = PBXBuildFile; fileRef = 56ACEBC51D1ACD3F00038CA4 /* TouchSensitiveZone.swift */; };
		641F29EC1CF07466000E85E3 /* SoundSet.swift in Sources */ = {isa = PBXBuildFile; fileRef = 51F8B9281CD7B0E40029C1E0 /* SoundSet.swift */; };
		6429FED31CE879010052ED4D /* Melisse Mac.h in Headers */ = {isa = PBXBuildFile; fileRef = 6429FED21CE879010052ED4D /* Melisse Mac.h */; settings = {ATTRIBUTES = (Public, ); }; };
		6429FED81CE87B850052ED4D /* PerspectiveEffect.swift in Sources */ = {isa = PBXBuildFile; fileRef = 51F8B9211CD7B0E40029C1E0 /* PerspectiveEffect.swift */; };
		6429FED91CE87B850052ED4D /* Point.swift in Sources */ = {isa = PBXBuildFile; fileRef = 51F8B9231CD7B0E40029C1E0 /* Point.swift */; };
		6429FEDA1CE87B850052ED4D /* Size.swift in Sources */ = {isa = PBXBuildFile; fileRef = 51D9F5A51CDA2134000AB096 /* Size.swift */; };
		6429FEDB1CE87B850052ED4D /* Rectangle.swift in Sources */ = {isa = PBXBuildFile; fileRef = 51D9F5971CDA17F6000AB096 /* Rectangle.swift */; };
		6429FEDC1CE87B850052ED4D /* Quadrilateral.swift in Sources */ = {isa = PBXBuildFile; fileRef = 51D9F5991CDA194F000AB096 /* Quadrilateral.swift */; };
		6429FEDD1CE87B850052ED4D /* Offset.swift in Sources */ = {isa = PBXBuildFile; fileRef = 6440EA351CDCC89300190C3D /* Offset.swift */; };
		6429FEDF1CE87B850052ED4D /* Streams.swift in Sources */ = {isa = PBXBuildFile; fileRef = 51F8B92A1CD7B0E40029C1E0 /* Streams.swift */; };
		6429FEE01CE87B850052ED4D /* Numerics.swift in Sources */ = {isa = PBXBuildFile; fileRef = 51D9F57C1CD9E504000AB096 /* Numerics.swift */; };
		6429FEE11CE87B850052ED4D /* Math.swift in Sources */ = {isa = PBXBuildFile; fileRef = 51F8B91C1CD7B0E40029C1E0 /* Math.swift */; };
		6429FEE21CE87B850052ED4D /* Operation.swift in Sources */ = {isa = PBXBuildFile; fileRef = 51F8B91F1CD7B0E40029C1E0 /* Operation.swift */; };
		6429FEE31CE87B850052ED4D /* Random.swift in Sources */ = {isa = PBXBuildFile; fileRef = 51F8B9241CD7B0E40029C1E0 /* Random.swift */; };
		6429FEE41CE87B850052ED4D /* Camera.swift in Sources */ = {isa = PBXBuildFile; fileRef = 51F8B90E1CD7B0E40029C1E0 /* Camera.swift */; };
		6429FEE51CE87B850052ED4D /* Director.swift in Sources */ = {isa = PBXBuildFile; fileRef = 51F8B9131CD7B0E40029C1E0 /* Director.swift */; };
		6429FEE61CE87B850052ED4D /* Scene.swift in Sources */ = {isa = PBXBuildFile; fileRef = 51F8B9271CD7B0E40029C1E0 /* Scene.swift */; };
		6429FEE71CE87B850052ED4D /* EmptyScene.swift in Sources */ = {isa = PBXBuildFile; fileRef = 515E794C1CE0CD4B0044E22F /* EmptyScene.swift */; };
		6429FEE81CE87B850052ED4D /* Fade.swift in Sources */ = {isa = PBXBuildFile; fileRef = 515E794E1CE0CDDB0044E22F /* Fade.swift */; };
		6429FEE91CE87B850052ED4D /* FadeScene.swift in Sources */ = {isa = PBXBuildFile; fileRef = 51F8B9141CD7B0E40029C1E0 /* FadeScene.swift */; };
		6429FEEA1CE87B850052ED4D /* NoFade.swift in Sources */ = {isa = PBXBuildFile; fileRef = 515E79501CE0CDF40044E22F /* NoFade.swift */; };
		6429FEEB1CE87B850052ED4D /* Color.swift in Sources */ = {isa = PBXBuildFile; fileRef = 51F8B90F1CD7B0E40029C1E0 /* Color.swift */; };
		6429FEEC1CE87B850052ED4D /* Draws.swift in Sources */ = {isa = PBXBuildFile; fileRef = 51F8B95C1CD7B15B0029C1E0 /* Draws.swift */; };
		6429FEED1CE87B850052ED4D /* ReferencePool.swift in Sources */ = {isa = PBXBuildFile; fileRef = 51F8B9251CD7B0E40029C1E0 /* ReferencePool.swift */; };
		6429FEEE1CE87B850052ED4D /* Surface.swift in Sources */ = {isa = PBXBuildFile; fileRef = 51D9F5921CDA0CA3000AB096 /* Surface.swift */; };
		6429FEEF1CE87B850052ED4D /* SurfaceArray.swift in Sources */ = {isa = PBXBuildFile; fileRef = 51D9F57A1CD9E48E000AB096 /* SurfaceArray.swift */; };
		6429FEF01CE87B850052ED4D /* Surfaces.swift in Sources */ = {isa = PBXBuildFile; fileRef = 51F8B92F1CD7B0E40029C1E0 /* Surfaces.swift */; };
		6429FEF11CE87B850052ED4D /* Plane.swift in Sources */ = {isa = PBXBuildFile; fileRef = 51F8B9221CD7B0E40029C1E0 /* Plane.swift */; };
		6429FEF21CE87B850052ED4D /* ColorQuadrilateral.swift in Sources */ = {isa = PBXBuildFile; fileRef = 51BD8ABE1CE20FE50024A2CA /* ColorQuadrilateral.swift */; };
		6429FEF31CE87B850052ED4D /* Animation.swift in Sources */ = {isa = PBXBuildFile; fileRef = 51F8B90A1CD7B0E40029C1E0 /* Animation.swift */; };
		6429FEF41CE87B850052ED4D /* AnimationFrame.swift in Sources */ = {isa = PBXBuildFile; fileRef = 64B6F74E1CDE662100CECE15 /* AnimationFrame.swift */; };
		6429FEF51CE87B850052ED4D /* AnimationName.swift in Sources */ = {isa = PBXBuildFile; fileRef = 64B6F7501CDE678D00CECE15 /* AnimationName.swift */; };
		6429FEF61CE87B850052ED4D /* NoAnimation.swift in Sources */ = {isa = PBXBuildFile; fileRef = 51CACEF41CE3253100F5B795 /* NoAnimation.swift */; };
		6429FEF71CE87B850052ED4D /* SingleFrameAnimation.swift in Sources */ = {isa = PBXBuildFile; fileRef = 51CACEFB1CE352D900F5B795 /* SingleFrameAnimation.swift */; };
		6429FEF81CE87B850052ED4D /* LoopingAnimation.swift in Sources */ = {isa = PBXBuildFile; fileRef = 51CACEFD1CE3579900F5B795 /* LoopingAnimation.swift */; };
		6429FEF91CE87B850052ED4D /* SynchronizedLoopingAnimation.swift in Sources */ = {isa = PBXBuildFile; fileRef = 51CACEFF1CE358E600F5B795 /* SynchronizedLoopingAnimation.swift */; };
		6429FEFA1CE87B850052ED4D /* PlayOnceAnimation.swift in Sources */ = {isa = PBXBuildFile; fileRef = 51CACF131CE37CC300F5B795 /* PlayOnceAnimation.swift */; };
		6429FEFB1CE87B850052ED4D /* BlinkingAnimation.swift in Sources */ = {isa = PBXBuildFile; fileRef = 51CACF151CE38A8400F5B795 /* BlinkingAnimation.swift */; };
		6429FEFC1CE87B850052ED4D /* AnimationDefinition.swift in Sources */ = {isa = PBXBuildFile; fileRef = 64B6F7551CDE6D2800CECE15 /* AnimationDefinition.swift */; };
		6429FEFD1CE87B850052ED4D /* SpriteDefinition.swift in Sources */ = {isa = PBXBuildFile; fileRef = 51F8B9111CD7B0E40029C1E0 /* SpriteDefinition.swift */; };
		6429FEFE1CE87B850052ED4D /* Motion.swift in Sources */ = {isa = PBXBuildFile; fileRef = 51F8B91D1CD7B0E40029C1E0 /* Motion.swift */; };
		6429FEFF1CE87B850052ED4D /* NoMotion.swift in Sources */ = {isa = PBXBuildFile; fileRef = 6496DB311CDF71F900121F0A /* NoMotion.swift */; };
		6429FF021CE87B850052ED4D /* Font.swift in Sources */ = {isa = PBXBuildFile; fileRef = 51A95EB61CE4A21300E452C7 /* Font.swift */; };
		6429FF031CE87B850052ED4D /* Text.swift in Sources */ = {isa = PBXBuildFile; fileRef = 51A95EB41CE4A02000E452C7 /* Text.swift */; };
		6429FF041CE87B850052ED4D /* Axe.swift in Sources */ = {isa = PBXBuildFile; fileRef = 64BA6C191CE1127E0093E184 /* Axe.swift */; };
		6429FF051CE87B850052ED4D /* Direction.swift in Sources */ = {isa = PBXBuildFile; fileRef = 51F8B9121CD7B0E40029C1E0 /* Direction.swift */; };
		6429FF061CE87B850052ED4D /* Hitbox.swift in Sources */ = {isa = PBXBuildFile; fileRef = 51F8B9171CD7B0E40029C1E0 /* Hitbox.swift */; };
		6429FF081CE87B850052ED4D /* Sprite.swift in Sources */ = {isa = PBXBuildFile; fileRef = 6457C1621CDB946D00794F1D /* Sprite.swift */; };
		6429FF091CE87B850052ED4D /* SpriteFactory.swift in Sources */ = {isa = PBXBuildFile; fileRef = 51F8B9291CD7B0E40029C1E0 /* SpriteFactory.swift */; };
		6429FF0A1CE87B850052ED4D /* SpriteInfo.swift in Sources */ = {isa = PBXBuildFile; fileRef = 6496DB2E1CDF2B1700121F0A /* SpriteInfo.swift */; };
		6429FF0B1CE87B850052ED4D /* SpriteType.swift in Sources */ = {isa = PBXBuildFile; fileRef = 6440EA381CDCE85500190C3D /* SpriteType.swift */; };
		6429FF0C1CE87B850052ED4D /* Palette.swift in Sources */ = {isa = PBXBuildFile; fileRef = 51F8B9201CD7B0E40029C1E0 /* Palette.swift */; };
		6429FF0D1CE87B850052ED4D /* ImagePalette.swift in Sources */ = {isa = PBXBuildFile; fileRef = 51BD8AB81CE1FD830024A2CA /* ImagePalette.swift */; };
		6429FF0E1CE87B850052ED4D /* AlphaColorPalette.swift in Sources */ = {isa = PBXBuildFile; fileRef = 51BD8ABA1CE1FDAA0024A2CA /* AlphaColorPalette.swift */; };
		6429FF0F1CE87B850052ED4D /* Backdrop.swift in Sources */ = {isa = PBXBuildFile; fileRef = 51F8B90D1CD7B0E40029C1E0 /* Backdrop.swift */; };
		6429FF101CE87B850052ED4D /* ColorGrid.swift in Sources */ = {isa = PBXBuildFile; fileRef = 51BD8ABC1CE207FD0024A2CA /* ColorGrid.swift */; };
		6429FF111CE87B850052ED4D /* Grid.swift in Sources */ = {isa = PBXBuildFile; fileRef = 51F8B9161CD7B0E40029C1E0 /* Grid.swift */; };
		6429FF121CE87B850052ED4D /* Layer.swift in Sources */ = {isa = PBXBuildFile; fileRef = 51F8B9191CD7B0E40029C1E0 /* Layer.swift */; };
		6429FF141CE87B850052ED4D /* Map.swift in Sources */ = {isa = PBXBuildFile; fileRef = 51F8B91B1CD7B0E40029C1E0 /* Map.swift */; };
		6429FF151CE87B850052ED4D /* View.swift in Sources */ = {isa = PBXBuildFile; fileRef = 51F8B9311CD7B0E40029C1E0 /* View.swift */; };
		643817DB1CE7A194002C68F8 /* Melisse.h in Headers */ = {isa = PBXBuildFile; fileRef = 643817DA1CE7A194002C68F8 /* Melisse.h */; settings = {ATTRIBUTES = (Public, ); }; };
		643817E01CE7A1F1002C68F8 /* Audio.swift in Sources */ = {isa = PBXBuildFile; fileRef = 51D9F5721CD9E1CE000AB096 /* Audio.swift */; };
		643817E11CE7A1F1002C68F8 /* NoAudio.swift in Sources */ = {isa = PBXBuildFile; fileRef = 515E79521CE0CE6B0044E22F /* NoAudio.swift */; };
		643817E21CE7A1F1002C68F8 /* OpenALAudio.swift in Sources */ = {isa = PBXBuildFile; fileRef = 51D9F5771CD9E257000AB096 /* OpenALAudio.swift */; };
		643817E31CE7A1F1002C68F8 /* SoundSet.swift in Sources */ = {isa = PBXBuildFile; fileRef = 51F8B9281CD7B0E40029C1E0 /* SoundSet.swift */; };
		643817E41CE7A1F1002C68F8 /* PerspectiveEffect.swift in Sources */ = {isa = PBXBuildFile; fileRef = 51F8B9211CD7B0E40029C1E0 /* PerspectiveEffect.swift */; };
		643817E51CE7A1F1002C68F8 /* Point.swift in Sources */ = {isa = PBXBuildFile; fileRef = 51F8B9231CD7B0E40029C1E0 /* Point.swift */; };
		643817E61CE7A1F1002C68F8 /* Size.swift in Sources */ = {isa = PBXBuildFile; fileRef = 51D9F5A51CDA2134000AB096 /* Size.swift */; };
		643817E71CE7A1F1002C68F8 /* Rectangle.swift in Sources */ = {isa = PBXBuildFile; fileRef = 51D9F5971CDA17F6000AB096 /* Rectangle.swift */; };
		643817E81CE7A1F1002C68F8 /* Quadrilateral.swift in Sources */ = {isa = PBXBuildFile; fileRef = 51D9F5991CDA194F000AB096 /* Quadrilateral.swift */; };
		643817E91CE7A1F1002C68F8 /* Offset.swift in Sources */ = {isa = PBXBuildFile; fileRef = 6440EA351CDCC89300190C3D /* Offset.swift */; };
		643817F01CE7A1F1002C68F8 /* Streams.swift in Sources */ = {isa = PBXBuildFile; fileRef = 51F8B92A1CD7B0E40029C1E0 /* Streams.swift */; };
		643817F11CE7A1F1002C68F8 /* Numerics.swift in Sources */ = {isa = PBXBuildFile; fileRef = 51D9F57C1CD9E504000AB096 /* Numerics.swift */; };
		643817F21CE7A1F1002C68F8 /* Math.swift in Sources */ = {isa = PBXBuildFile; fileRef = 51F8B91C1CD7B0E40029C1E0 /* Math.swift */; };
		643817F31CE7A1F1002C68F8 /* Operation.swift in Sources */ = {isa = PBXBuildFile; fileRef = 51F8B91F1CD7B0E40029C1E0 /* Operation.swift */; };
		643817F41CE7A1F1002C68F8 /* Random.swift in Sources */ = {isa = PBXBuildFile; fileRef = 51F8B9241CD7B0E40029C1E0 /* Random.swift */; };
		643817F51CE7A1F1002C68F8 /* Camera.swift in Sources */ = {isa = PBXBuildFile; fileRef = 51F8B90E1CD7B0E40029C1E0 /* Camera.swift */; };
		643817F61CE7A1F1002C68F8 /* Director.swift in Sources */ = {isa = PBXBuildFile; fileRef = 51F8B9131CD7B0E40029C1E0 /* Director.swift */; };
		643817F71CE7A1F1002C68F8 /* Scene.swift in Sources */ = {isa = PBXBuildFile; fileRef = 51F8B9271CD7B0E40029C1E0 /* Scene.swift */; };
		643817F81CE7A1F1002C68F8 /* EmptyScene.swift in Sources */ = {isa = PBXBuildFile; fileRef = 515E794C1CE0CD4B0044E22F /* EmptyScene.swift */; };
		643817F91CE7A1F1002C68F8 /* Fade.swift in Sources */ = {isa = PBXBuildFile; fileRef = 515E794E1CE0CDDB0044E22F /* Fade.swift */; };
		643817FA1CE7A1F1002C68F8 /* FadeScene.swift in Sources */ = {isa = PBXBuildFile; fileRef = 51F8B9141CD7B0E40029C1E0 /* FadeScene.swift */; };
		643817FB1CE7A1F1002C68F8 /* NoFade.swift in Sources */ = {isa = PBXBuildFile; fileRef = 515E79501CE0CDF40044E22F /* NoFade.swift */; };
		643817FC1CE7A1F1002C68F8 /* Color.swift in Sources */ = {isa = PBXBuildFile; fileRef = 51F8B90F1CD7B0E40029C1E0 /* Color.swift */; };
		643817FD1CE7A1F1002C68F8 /* Draws.swift in Sources */ = {isa = PBXBuildFile; fileRef = 51F8B95C1CD7B15B0029C1E0 /* Draws.swift */; };
		643817FE1CE7A1F1002C68F8 /* ReferencePool.swift in Sources */ = {isa = PBXBuildFile; fileRef = 51F8B9251CD7B0E40029C1E0 /* ReferencePool.swift */; };
		643817FF1CE7A1F1002C68F8 /* Surface.swift in Sources */ = {isa = PBXBuildFile; fileRef = 51D9F5921CDA0CA3000AB096 /* Surface.swift */; };
		643818001CE7A1F1002C68F8 /* SurfaceArray.swift in Sources */ = {isa = PBXBuildFile; fileRef = 51D9F57A1CD9E48E000AB096 /* SurfaceArray.swift */; };
		643818011CE7A1F1002C68F8 /* Surfaces.swift in Sources */ = {isa = PBXBuildFile; fileRef = 51F8B92F1CD7B0E40029C1E0 /* Surfaces.swift */; };
		643818021CE7A1F1002C68F8 /* Plane.swift in Sources */ = {isa = PBXBuildFile; fileRef = 51F8B9221CD7B0E40029C1E0 /* Plane.swift */; };
		643818031CE7A1F1002C68F8 /* ColorQuadrilateral.swift in Sources */ = {isa = PBXBuildFile; fileRef = 51BD8ABE1CE20FE50024A2CA /* ColorQuadrilateral.swift */; };
		643818041CE7A1F1002C68F8 /* Animation.swift in Sources */ = {isa = PBXBuildFile; fileRef = 51F8B90A1CD7B0E40029C1E0 /* Animation.swift */; };
		643818051CE7A1F1002C68F8 /* AnimationFrame.swift in Sources */ = {isa = PBXBuildFile; fileRef = 64B6F74E1CDE662100CECE15 /* AnimationFrame.swift */; };
		643818061CE7A1F1002C68F8 /* AnimationName.swift in Sources */ = {isa = PBXBuildFile; fileRef = 64B6F7501CDE678D00CECE15 /* AnimationName.swift */; };
		643818071CE7A1F1002C68F8 /* NoAnimation.swift in Sources */ = {isa = PBXBuildFile; fileRef = 51CACEF41CE3253100F5B795 /* NoAnimation.swift */; };
		643818081CE7A1F1002C68F8 /* SingleFrameAnimation.swift in Sources */ = {isa = PBXBuildFile; fileRef = 51CACEFB1CE352D900F5B795 /* SingleFrameAnimation.swift */; };
		643818091CE7A1F1002C68F8 /* LoopingAnimation.swift in Sources */ = {isa = PBXBuildFile; fileRef = 51CACEFD1CE3579900F5B795 /* LoopingAnimation.swift */; };
		6438180A1CE7A1F1002C68F8 /* SynchronizedLoopingAnimation.swift in Sources */ = {isa = PBXBuildFile; fileRef = 51CACEFF1CE358E600F5B795 /* SynchronizedLoopingAnimation.swift */; };
		6438180B1CE7A1F1002C68F8 /* PlayOnceAnimation.swift in Sources */ = {isa = PBXBuildFile; fileRef = 51CACF131CE37CC300F5B795 /* PlayOnceAnimation.swift */; };
		6438180C1CE7A1F1002C68F8 /* BlinkingAnimation.swift in Sources */ = {isa = PBXBuildFile; fileRef = 51CACF151CE38A8400F5B795 /* BlinkingAnimation.swift */; };
		6438180D1CE7A1F1002C68F8 /* AnimationDefinition.swift in Sources */ = {isa = PBXBuildFile; fileRef = 64B6F7551CDE6D2800CECE15 /* AnimationDefinition.swift */; };
		6438180E1CE7A1F1002C68F8 /* SpriteDefinition.swift in Sources */ = {isa = PBXBuildFile; fileRef = 51F8B9111CD7B0E40029C1E0 /* SpriteDefinition.swift */; };
		6438180F1CE7A1F1002C68F8 /* Motion.swift in Sources */ = {isa = PBXBuildFile; fileRef = 51F8B91D1CD7B0E40029C1E0 /* Motion.swift */; };
		643818101CE7A1F1002C68F8 /* NoMotion.swift in Sources */ = {isa = PBXBuildFile; fileRef = 6496DB311CDF71F900121F0A /* NoMotion.swift */; };
		643818131CE7A1F1002C68F8 /* Font.swift in Sources */ = {isa = PBXBuildFile; fileRef = 51A95EB61CE4A21300E452C7 /* Font.swift */; };
		643818141CE7A1F1002C68F8 /* Text.swift in Sources */ = {isa = PBXBuildFile; fileRef = 51A95EB41CE4A02000E452C7 /* Text.swift */; };
		643818151CE7A1F1002C68F8 /* Axe.swift in Sources */ = {isa = PBXBuildFile; fileRef = 64BA6C191CE1127E0093E184 /* Axe.swift */; };
		643818161CE7A1F1002C68F8 /* Direction.swift in Sources */ = {isa = PBXBuildFile; fileRef = 51F8B9121CD7B0E40029C1E0 /* Direction.swift */; };
		643818171CE7A1F1002C68F8 /* Hitbox.swift in Sources */ = {isa = PBXBuildFile; fileRef = 51F8B9171CD7B0E40029C1E0 /* Hitbox.swift */; };
		643818191CE7A1F1002C68F8 /* Sprite.swift in Sources */ = {isa = PBXBuildFile; fileRef = 6457C1621CDB946D00794F1D /* Sprite.swift */; };
		6438181A1CE7A1F1002C68F8 /* SpriteFactory.swift in Sources */ = {isa = PBXBuildFile; fileRef = 51F8B9291CD7B0E40029C1E0 /* SpriteFactory.swift */; };
		6438181B1CE7A1F1002C68F8 /* SpriteInfo.swift in Sources */ = {isa = PBXBuildFile; fileRef = 6496DB2E1CDF2B1700121F0A /* SpriteInfo.swift */; };
		6438181C1CE7A1F1002C68F8 /* SpriteType.swift in Sources */ = {isa = PBXBuildFile; fileRef = 6440EA381CDCE85500190C3D /* SpriteType.swift */; };
		6438181D1CE7A1F1002C68F8 /* Palette.swift in Sources */ = {isa = PBXBuildFile; fileRef = 51F8B9201CD7B0E40029C1E0 /* Palette.swift */; };
		6438181E1CE7A1F1002C68F8 /* ImagePalette.swift in Sources */ = {isa = PBXBuildFile; fileRef = 51BD8AB81CE1FD830024A2CA /* ImagePalette.swift */; };
		6438181F1CE7A1F1002C68F8 /* AlphaColorPalette.swift in Sources */ = {isa = PBXBuildFile; fileRef = 51BD8ABA1CE1FDAA0024A2CA /* AlphaColorPalette.swift */; };
		643818201CE7A1F1002C68F8 /* Backdrop.swift in Sources */ = {isa = PBXBuildFile; fileRef = 51F8B90D1CD7B0E40029C1E0 /* Backdrop.swift */; };
		643818211CE7A1F1002C68F8 /* ColorGrid.swift in Sources */ = {isa = PBXBuildFile; fileRef = 51BD8ABC1CE207FD0024A2CA /* ColorGrid.swift */; };
		643818221CE7A1F1002C68F8 /* Grid.swift in Sources */ = {isa = PBXBuildFile; fileRef = 51F8B9161CD7B0E40029C1E0 /* Grid.swift */; };
		643818231CE7A1F1002C68F8 /* Layer.swift in Sources */ = {isa = PBXBuildFile; fileRef = 51F8B9191CD7B0E40029C1E0 /* Layer.swift */; };
		643818251CE7A1F1002C68F8 /* Map.swift in Sources */ = {isa = PBXBuildFile; fileRef = 51F8B91B1CD7B0E40029C1E0 /* Map.swift */; };
		643818261CE7A1F1002C68F8 /* View.swift in Sources */ = {isa = PBXBuildFile; fileRef = 51F8B9311CD7B0E40029C1E0 /* View.swift */; };
		649D28331CF208C400207AFC /* Animator.swift in Sources */ = {isa = PBXBuildFile; fileRef = 649D28321CF208C400207AFC /* Animator.swift */; };
		649D28341CF208C400207AFC /* Animator.swift in Sources */ = {isa = PBXBuildFile; fileRef = 649D28321CF208C400207AFC /* Animator.swift */; };
		64BB3B2E1CE897860063958F /* Audio.swift in Sources */ = {isa = PBXBuildFile; fileRef = 51D9F5721CD9E1CE000AB096 /* Audio.swift */; };
		64BB3B2F1CE8978F0063958F /* NoAudio.swift in Sources */ = {isa = PBXBuildFile; fileRef = 515E79521CE0CE6B0044E22F /* NoAudio.swift */; };
		64BB3C281CE9F2630063958F /* Controller.swift in Sources */ = {isa = PBXBuildFile; fileRef = 64BB3C271CE9F2630063958F /* Controller.swift */; };
		64BB3C291CE9F2630063958F /* Controller.swift in Sources */ = {isa = PBXBuildFile; fileRef = 64BB3C271CE9F2630063958F /* Controller.swift */; };
		64BB3C2D1CE9F3450063958F /* Menu.swift in Sources */ = {isa = PBXBuildFile; fileRef = 64BB3C2C1CE9F3450063958F /* Menu.swift */; };
		64BB3C2E1CE9F3450063958F /* Menu.swift in Sources */ = {isa = PBXBuildFile; fileRef = 64BB3C2C1CE9F3450063958F /* Menu.swift */; };
		64BB3C2F1CE9FB560063958F /* Counter.swift in Sources */ = {isa = PBXBuildFile; fileRef = 51F8B9101CD7B0E40029C1E0 /* Counter.swift */; };
		64BB3C301CE9FB570063958F /* Counter.swift in Sources */ = {isa = PBXBuildFile; fileRef = 51F8B9101CD7B0E40029C1E0 /* Counter.swift */; };
		64BB3C321CEA464C0063958F /* Input.swift in Sources */ = {isa = PBXBuildFile; fileRef = 51F8B9181CD7B0E40029C1E0 /* Input.swift */; };
		64BB3C331CEA464D0063958F /* Input.swift in Sources */ = {isa = PBXBuildFile; fileRef = 51F8B9181CD7B0E40029C1E0 /* Input.swift */; };
		64BB3C341CEA4A1B0063958F /* TouchController.swift in Sources */ = {isa = PBXBuildFile; fileRef = 51F8B9301CD7B0E40029C1E0 /* TouchController.swift */; };
/* End PBXBuildFile section */

/* Begin PBXFileReference section */
		515E794C1CE0CD4B0044E22F /* EmptyScene.swift */ = {isa = PBXFileReference; fileEncoding = 4; lastKnownFileType = sourcecode.swift; path = EmptyScene.swift; sourceTree = "<group>"; };
		515E794E1CE0CDDB0044E22F /* Fade.swift */ = {isa = PBXFileReference; fileEncoding = 4; lastKnownFileType = sourcecode.swift; path = Fade.swift; sourceTree = "<group>"; };
		515E79501CE0CDF40044E22F /* NoFade.swift */ = {isa = PBXFileReference; fileEncoding = 4; lastKnownFileType = sourcecode.swift; path = NoFade.swift; sourceTree = "<group>"; };
		515E79521CE0CE6B0044E22F /* NoAudio.swift */ = {isa = PBXFileReference; fileEncoding = 4; lastKnownFileType = sourcecode.swift; path = NoAudio.swift; sourceTree = "<group>"; };
		515FDEB11E27F38E00B2DF31 /* HasHitbox.swift */ = {isa = PBXFileReference; fileEncoding = 4; lastKnownFileType = sourcecode.swift; path = HasHitbox.swift; sourceTree = "<group>"; };
		516141291CEDD4630037C6E9 /* Textures.swift */ = {isa = PBXFileReference; fileEncoding = 4; lastKnownFileType = sourcecode.swift; path = Textures.swift; sourceTree = "<group>"; };
		516141381CEDFB8D0037C6E9 /* SpriteAtlas.swift */ = {isa = PBXFileReference; fileEncoding = 4; lastKnownFileType = sourcecode.swift; path = SpriteAtlas.swift; sourceTree = "<group>"; };
		519F80F31CECD14200211E4C /* KeyboardController.swift */ = {isa = PBXFileReference; fileEncoding = 4; lastKnownFileType = sourcecode.swift; path = KeyboardController.swift; sourceTree = "<group>"; };
		51A95EB41CE4A02000E452C7 /* Text.swift */ = {isa = PBXFileReference; fileEncoding = 4; lastKnownFileType = sourcecode.swift; path = Text.swift; sourceTree = "<group>"; };
		51A95EB61CE4A21300E452C7 /* Font.swift */ = {isa = PBXFileReference; fileEncoding = 4; lastKnownFileType = sourcecode.swift; path = Font.swift; sourceTree = "<group>"; };
		51B04AF31CF87D6700048E46 /* PerspectiveCalibrationScene.swift */ = {isa = PBXFileReference; fileEncoding = 4; lastKnownFileType = sourcecode.swift; path = PerspectiveCalibrationScene.swift; sourceTree = "<group>"; };
		51BD8AB81CE1FD830024A2CA /* ImagePalette.swift */ = {isa = PBXFileReference; fileEncoding = 4; lastKnownFileType = sourcecode.swift; path = ImagePalette.swift; sourceTree = "<group>"; };
		51BD8ABA1CE1FDAA0024A2CA /* AlphaColorPalette.swift */ = {isa = PBXFileReference; fileEncoding = 4; lastKnownFileType = sourcecode.swift; path = AlphaColorPalette.swift; sourceTree = "<group>"; };
		51BD8ABC1CE207FD0024A2CA /* ColorGrid.swift */ = {isa = PBXFileReference; fileEncoding = 4; lastKnownFileType = sourcecode.swift; path = ColorGrid.swift; sourceTree = "<group>"; };
		51BD8ABE1CE20FE50024A2CA /* ColorQuadrilateral.swift */ = {isa = PBXFileReference; fileEncoding = 4; lastKnownFileType = sourcecode.swift; path = ColorQuadrilateral.swift; sourceTree = "<group>"; };
		51C476B51CFED96D00C22A38 /* Gradient.swift */ = {isa = PBXFileReference; fileEncoding = 4; lastKnownFileType = sourcecode.swift; path = Gradient.swift; sourceTree = "<group>"; };
		51CACEF41CE3253100F5B795 /* NoAnimation.swift */ = {isa = PBXFileReference; fileEncoding = 4; lastKnownFileType = sourcecode.swift; path = NoAnimation.swift; sourceTree = "<group>"; };
		51CACEFB1CE352D900F5B795 /* SingleFrameAnimation.swift */ = {isa = PBXFileReference; fileEncoding = 4; lastKnownFileType = sourcecode.swift; path = SingleFrameAnimation.swift; sourceTree = "<group>"; };
		51CACEFD1CE3579900F5B795 /* LoopingAnimation.swift */ = {isa = PBXFileReference; fileEncoding = 4; lastKnownFileType = sourcecode.swift; path = LoopingAnimation.swift; sourceTree = "<group>"; };
		51CACEFF1CE358E600F5B795 /* SynchronizedLoopingAnimation.swift */ = {isa = PBXFileReference; fileEncoding = 4; lastKnownFileType = sourcecode.swift; path = SynchronizedLoopingAnimation.swift; sourceTree = "<group>"; };
		51CACF131CE37CC300F5B795 /* PlayOnceAnimation.swift */ = {isa = PBXFileReference; fileEncoding = 4; lastKnownFileType = sourcecode.swift; path = PlayOnceAnimation.swift; sourceTree = "<group>"; };
		51CACF151CE38A8400F5B795 /* BlinkingAnimation.swift */ = {isa = PBXFileReference; fileEncoding = 4; lastKnownFileType = sourcecode.swift; path = BlinkingAnimation.swift; sourceTree = "<group>"; };
		51D9F5721CD9E1CE000AB096 /* Audio.swift */ = {isa = PBXFileReference; fileEncoding = 4; lastKnownFileType = sourcecode.swift; path = Audio.swift; sourceTree = "<group>"; };
		51D9F5771CD9E257000AB096 /* OpenALAudio.swift */ = {isa = PBXFileReference; fileEncoding = 4; lastKnownFileType = sourcecode.swift; path = OpenALAudio.swift; sourceTree = "<group>"; };
		51D9F57A1CD9E48E000AB096 /* SurfaceArray.swift */ = {isa = PBXFileReference; fileEncoding = 4; lastKnownFileType = sourcecode.swift; path = SurfaceArray.swift; sourceTree = "<group>"; };
		51D9F57C1CD9E504000AB096 /* Numerics.swift */ = {isa = PBXFileReference; fileEncoding = 4; lastKnownFileType = sourcecode.swift; path = Numerics.swift; sourceTree = "<group>"; };
		51D9F5921CDA0CA3000AB096 /* Surface.swift */ = {isa = PBXFileReference; fileEncoding = 4; lastKnownFileType = sourcecode.swift; path = Surface.swift; sourceTree = "<group>"; };
		51D9F5971CDA17F6000AB096 /* Rectangle.swift */ = {isa = PBXFileReference; fileEncoding = 4; lastKnownFileType = sourcecode.swift; path = Rectangle.swift; sourceTree = "<group>"; };
		51D9F5991CDA194F000AB096 /* Quadrilateral.swift */ = {isa = PBXFileReference; fileEncoding = 4; lastKnownFileType = sourcecode.swift; path = Quadrilateral.swift; sourceTree = "<group>"; };
		51D9F5A51CDA2134000AB096 /* Size.swift */ = {isa = PBXFileReference; fileEncoding = 4; lastKnownFileType = sourcecode.swift; path = Size.swift; sourceTree = "<group>"; };
		51F73C731D007758007E8276 /* MelisseViewController-iOS.swift */ = {isa = PBXFileReference; fileEncoding = 4; lastKnownFileType = sourcecode.swift; path = "MelisseViewController-iOS.swift"; sourceTree = "<group>"; };
		51F73C761D007926007E8276 /* MelisseViewController-Mac.swift */ = {isa = PBXFileReference; fileEncoding = 4; lastKnownFileType = sourcecode.swift; path = "MelisseViewController-Mac.swift"; sourceTree = "<group>"; };
		51F73C781D00799C007E8276 /* MelisseViewController-Shared.swift */ = {isa = PBXFileReference; fileEncoding = 4; lastKnownFileType = sourcecode.swift; path = "MelisseViewController-Shared.swift"; sourceTree = "<group>"; };
		51F8B90A1CD7B0E40029C1E0 /* Animation.swift */ = {isa = PBXFileReference; fileEncoding = 4; lastKnownFileType = sourcecode.swift; path = Animation.swift; sourceTree = "<group>"; };
		51F8B90D1CD7B0E40029C1E0 /* Backdrop.swift */ = {isa = PBXFileReference; fileEncoding = 4; lastKnownFileType = sourcecode.swift; path = Backdrop.swift; sourceTree = "<group>"; };
		51F8B90E1CD7B0E40029C1E0 /* Camera.swift */ = {isa = PBXFileReference; fileEncoding = 4; lastKnownFileType = sourcecode.swift; path = Camera.swift; sourceTree = "<group>"; };
		51F8B90F1CD7B0E40029C1E0 /* Color.swift */ = {isa = PBXFileReference; fileEncoding = 4; lastKnownFileType = sourcecode.swift; path = Color.swift; sourceTree = "<group>"; };
		51F8B9101CD7B0E40029C1E0 /* Counter.swift */ = {isa = PBXFileReference; fileEncoding = 4; lastKnownFileType = sourcecode.swift; path = Counter.swift; sourceTree = "<group>"; };
		51F8B9111CD7B0E40029C1E0 /* SpriteDefinition.swift */ = {isa = PBXFileReference; fileEncoding = 4; lastKnownFileType = sourcecode.swift; path = SpriteDefinition.swift; sourceTree = "<group>"; };
		51F8B9121CD7B0E40029C1E0 /* Direction.swift */ = {isa = PBXFileReference; fileEncoding = 4; lastKnownFileType = sourcecode.swift; path = Direction.swift; sourceTree = "<group>"; };
		51F8B9131CD7B0E40029C1E0 /* Director.swift */ = {isa = PBXFileReference; fileEncoding = 4; lastKnownFileType = sourcecode.swift; path = Director.swift; sourceTree = "<group>"; };
		51F8B9141CD7B0E40029C1E0 /* FadeScene.swift */ = {isa = PBXFileReference; fileEncoding = 4; lastKnownFileType = sourcecode.swift; path = FadeScene.swift; sourceTree = "<group>"; };
		51F8B9151CD7B0E40029C1E0 /* GamepadController.swift */ = {isa = PBXFileReference; fileEncoding = 4; lastKnownFileType = sourcecode.swift; path = GamepadController.swift; sourceTree = "<group>"; };
		51F8B9161CD7B0E40029C1E0 /* Grid.swift */ = {isa = PBXFileReference; fileEncoding = 4; lastKnownFileType = sourcecode.swift; path = Grid.swift; sourceTree = "<group>"; };
		51F8B9171CD7B0E40029C1E0 /* Hitbox.swift */ = {isa = PBXFileReference; fileEncoding = 4; lastKnownFileType = sourcecode.swift; lineEnding = 0; path = Hitbox.swift; sourceTree = "<group>"; xcLanguageSpecificationIdentifier = xcode.lang.swift; };
		51F8B9181CD7B0E40029C1E0 /* Input.swift */ = {isa = PBXFileReference; fileEncoding = 4; lastKnownFileType = sourcecode.swift; path = Input.swift; sourceTree = "<group>"; };
		51F8B9191CD7B0E40029C1E0 /* Layer.swift */ = {isa = PBXFileReference; fileEncoding = 4; lastKnownFileType = sourcecode.swift; path = Layer.swift; sourceTree = "<group>"; };
		51F8B91A1CD7B0E40029C1E0 /* LayerStructure.swift */ = {isa = PBXFileReference; fileEncoding = 4; lastKnownFileType = sourcecode.swift; path = LayerStructure.swift; sourceTree = "<group>"; };
		51F8B91B1CD7B0E40029C1E0 /* Map.swift */ = {isa = PBXFileReference; fileEncoding = 4; lastKnownFileType = sourcecode.swift; path = Map.swift; sourceTree = "<group>"; };
		51F8B91C1CD7B0E40029C1E0 /* Math.swift */ = {isa = PBXFileReference; fileEncoding = 4; lastKnownFileType = sourcecode.swift; path = Math.swift; sourceTree = "<group>"; };
		51F8B91D1CD7B0E40029C1E0 /* Motion.swift */ = {isa = PBXFileReference; fileEncoding = 4; lastKnownFileType = sourcecode.swift; path = Motion.swift; sourceTree = "<group>"; };
		51F8B91E1CD7B0E40029C1E0 /* NoController.swift */ = {isa = PBXFileReference; fileEncoding = 4; lastKnownFileType = sourcecode.swift; path = NoController.swift; sourceTree = "<group>"; };
		51F8B91F1CD7B0E40029C1E0 /* Operation.swift */ = {isa = PBXFileReference; fileEncoding = 4; lastKnownFileType = sourcecode.swift; path = Operation.swift; sourceTree = "<group>"; };
		51F8B9201CD7B0E40029C1E0 /* Palette.swift */ = {isa = PBXFileReference; fileEncoding = 4; lastKnownFileType = sourcecode.swift; path = Palette.swift; sourceTree = "<group>"; };
		51F8B9211CD7B0E40029C1E0 /* PerspectiveEffect.swift */ = {isa = PBXFileReference; fileEncoding = 4; lastKnownFileType = sourcecode.swift; path = PerspectiveEffect.swift; sourceTree = "<group>"; };
		51F8B9221CD7B0E40029C1E0 /* Plane.swift */ = {isa = PBXFileReference; fileEncoding = 4; lastKnownFileType = sourcecode.swift; path = Plane.swift; sourceTree = "<group>"; };
		51F8B9231CD7B0E40029C1E0 /* Point.swift */ = {isa = PBXFileReference; fileEncoding = 4; lastKnownFileType = sourcecode.swift; path = Point.swift; sourceTree = "<group>"; };
		51F8B9241CD7B0E40029C1E0 /* Random.swift */ = {isa = PBXFileReference; fileEncoding = 4; lastKnownFileType = sourcecode.swift; path = Random.swift; sourceTree = "<group>"; };
		51F8B9251CD7B0E40029C1E0 /* ReferencePool.swift */ = {isa = PBXFileReference; fileEncoding = 4; lastKnownFileType = sourcecode.swift; path = ReferencePool.swift; sourceTree = "<group>"; };
		51F8B9271CD7B0E40029C1E0 /* Scene.swift */ = {isa = PBXFileReference; fileEncoding = 4; lastKnownFileType = sourcecode.swift; path = Scene.swift; sourceTree = "<group>"; };
		51F8B9281CD7B0E40029C1E0 /* SoundSet.swift */ = {isa = PBXFileReference; fileEncoding = 4; lastKnownFileType = sourcecode.swift; path = SoundSet.swift; sourceTree = "<group>"; };
		51F8B9291CD7B0E40029C1E0 /* SpriteFactory.swift */ = {isa = PBXFileReference; fileEncoding = 4; lastKnownFileType = sourcecode.swift; path = SpriteFactory.swift; sourceTree = "<group>"; };
		51F8B92A1CD7B0E40029C1E0 /* Streams.swift */ = {isa = PBXFileReference; fileEncoding = 4; lastKnownFileType = sourcecode.swift; path = Streams.swift; sourceTree = "<group>"; };
		51F8B92F1CD7B0E40029C1E0 /* Surfaces.swift */ = {isa = PBXFileReference; fileEncoding = 4; lastKnownFileType = sourcecode.swift; path = Surfaces.swift; sourceTree = "<group>"; };
		51F8B9301CD7B0E40029C1E0 /* TouchController.swift */ = {isa = PBXFileReference; fileEncoding = 4; lastKnownFileType = sourcecode.swift; path = TouchController.swift; sourceTree = "<group>"; };
		51F8B9311CD7B0E40029C1E0 /* View.swift */ = {isa = PBXFileReference; fileEncoding = 4; lastKnownFileType = sourcecode.swift; path = View.swift; sourceTree = "<group>"; };
		51F8B95C1CD7B15B0029C1E0 /* Draws.swift */ = {isa = PBXFileReference; fileEncoding = 4; lastKnownFileType = sourcecode.swift; path = Draws.swift; sourceTree = "<group>"; };
		51F8B95D1CD7B15B0029C1E0 /* KeyboardListener.swift */ = {isa = PBXFileReference; fileEncoding = 4; lastKnownFileType = sourcecode.swift; path = KeyboardListener.swift; sourceTree = "<group>"; };
		56ACEBC51D1ACD3F00038CA4 /* TouchSensitiveZone.swift */ = {isa = PBXFileReference; fileEncoding = 4; lastKnownFileType = sourcecode.swift; path = TouchSensitiveZone.swift; sourceTree = "<group>"; };
		6429FED01CE879000052ED4D /* Melisse.framework */ = {isa = PBXFileReference; explicitFileType = wrapper.framework; includeInIndex = 0; path = Melisse.framework; sourceTree = BUILT_PRODUCTS_DIR; };
		6429FED21CE879010052ED4D /* Melisse Mac.h */ = {isa = PBXFileReference; lastKnownFileType = sourcecode.c.h; path = "Melisse Mac.h"; sourceTree = "<group>"; };
		6429FED41CE879010052ED4D /* Info.plist */ = {isa = PBXFileReference; lastKnownFileType = text.plist.xml; path = Info.plist; sourceTree = "<group>"; };
		643817D81CE7A194002C68F8 /* Melisse.framework */ = {isa = PBXFileReference; explicitFileType = wrapper.framework; includeInIndex = 0; path = Melisse.framework; sourceTree = BUILT_PRODUCTS_DIR; };
		643817DA1CE7A194002C68F8 /* Melisse.h */ = {isa = PBXFileReference; lastKnownFileType = sourcecode.c.h; path = Melisse.h; sourceTree = "<group>"; };
		643817DC1CE7A194002C68F8 /* Info.plist */ = {isa = PBXFileReference; lastKnownFileType = text.plist.xml; path = Info.plist; sourceTree = "<group>"; };
		6440EA351CDCC89300190C3D /* Offset.swift */ = {isa = PBXFileReference; fileEncoding = 4; lastKnownFileType = sourcecode.swift; path = Offset.swift; sourceTree = "<group>"; };
		6440EA381CDCE85500190C3D /* SpriteType.swift */ = {isa = PBXFileReference; fileEncoding = 4; lastKnownFileType = sourcecode.swift; path = SpriteType.swift; sourceTree = "<group>"; };
		6457C1621CDB946D00794F1D /* Sprite.swift */ = {isa = PBXFileReference; fileEncoding = 4; lastKnownFileType = sourcecode.swift; path = Sprite.swift; sourceTree = "<group>"; };
		6496DB2C1CDF2AE200121F0A /* Loader.swift */ = {isa = PBXFileReference; fileEncoding = 4; lastKnownFileType = sourcecode.swift; path = Loader.swift; sourceTree = "<group>"; };
		6496DB2E1CDF2B1700121F0A /* SpriteInfo.swift */ = {isa = PBXFileReference; fileEncoding = 4; lastKnownFileType = sourcecode.swift; path = SpriteInfo.swift; sourceTree = "<group>"; };
		6496DB311CDF71F900121F0A /* NoMotion.swift */ = {isa = PBXFileReference; fileEncoding = 4; lastKnownFileType = sourcecode.swift; path = NoMotion.swift; sourceTree = "<group>"; };
		649D28321CF208C400207AFC /* Animator.swift */ = {isa = PBXFileReference; fileEncoding = 4; lastKnownFileType = sourcecode.swift; path = Animator.swift; sourceTree = "<group>"; };
		64B6F74E1CDE662100CECE15 /* AnimationFrame.swift */ = {isa = PBXFileReference; fileEncoding = 4; lastKnownFileType = sourcecode.swift; path = AnimationFrame.swift; sourceTree = "<group>"; };
		64B6F7501CDE678D00CECE15 /* AnimationName.swift */ = {isa = PBXFileReference; fileEncoding = 4; lastKnownFileType = sourcecode.swift; path = AnimationName.swift; sourceTree = "<group>"; };
		64B6F7551CDE6D2800CECE15 /* AnimationDefinition.swift */ = {isa = PBXFileReference; fileEncoding = 4; lastKnownFileType = sourcecode.swift; path = AnimationDefinition.swift; sourceTree = "<group>"; };
		64BA6C191CE1127E0093E184 /* Axe.swift */ = {isa = PBXFileReference; fileEncoding = 4; lastKnownFileType = sourcecode.swift; path = Axe.swift; sourceTree = "<group>"; };
		64BB3C271CE9F2630063958F /* Controller.swift */ = {isa = PBXFileReference; fileEncoding = 4; lastKnownFileType = sourcecode.swift; path = Controller.swift; sourceTree = "<group>"; };
		64BB3C2C1CE9F3450063958F /* Menu.swift */ = {isa = PBXFileReference; fileEncoding = 4; lastKnownFileType = sourcecode.swift; path = Menu.swift; sourceTree = "<group>"; };
/* End PBXFileReference section */

/* Begin PBXFrameworksBuildPhase section */
		6429FECC1CE879000052ED4D /* Frameworks */ = {
			isa = PBXFrameworksBuildPhase;
			buildActionMask = 2147483647;
			files = (
			);
			runOnlyForDeploymentPostprocessing = 0;
		};
		643817D41CE7A194002C68F8 /* Frameworks */ = {
			isa = PBXFrameworksBuildPhase;
			buildActionMask = 2147483647;
			files = (
			);
			runOnlyForDeploymentPostprocessing = 0;
		};
/* End PBXFrameworksBuildPhase section */

/* Begin PBXGroup section */
		515E794B1CE0CD160044E22F /* Scene */ = {
			isa = PBXGroup;
			children = (
				51F8B90E1CD7B0E40029C1E0 /* Camera.swift */,
				51F8B9131CD7B0E40029C1E0 /* Director.swift */,
				51F8B9271CD7B0E40029C1E0 /* Scene.swift */,
				515E794C1CE0CD4B0044E22F /* EmptyScene.swift */,
				515E794E1CE0CDDB0044E22F /* Fade.swift */,
				51F8B9141CD7B0E40029C1E0 /* FadeScene.swift */,
				515E79501CE0CDF40044E22F /* NoFade.swift */,
				51B04AF31CF87D6700048E46 /* PerspectiveCalibrationScene.swift */,
			);
			name = Scene;
			sourceTree = "<group>";
		};
		51833DDF1CE0EE79003052C8 /* Map */ = {
			isa = PBXGroup;
			children = (
				51BD8AC21CE23A310024A2CA /* Palette */,
				51F8B90D1CD7B0E40029C1E0 /* Backdrop.swift */,
				51BD8ABC1CE207FD0024A2CA /* ColorGrid.swift */,
				51F8B9161CD7B0E40029C1E0 /* Grid.swift */,
				51F8B9191CD7B0E40029C1E0 /* Layer.swift */,
				51F8B91A1CD7B0E40029C1E0 /* LayerStructure.swift */,
				51F8B91B1CD7B0E40029C1E0 /* Map.swift */,
			);
			name = Map;
			sourceTree = "<group>";
		};
		51A95EB81CE4A21C00E452C7 /* Text */ = {
			isa = PBXGroup;
			children = (
				51F8B9101CD7B0E40029C1E0 /* Counter.swift */,
				51A95EB61CE4A21300E452C7 /* Font.swift */,
				51A95EB41CE4A02000E452C7 /* Text.swift */,
				64BB3C2C1CE9F3450063958F /* Menu.swift */,
			);
			name = Text;
			sourceTree = "<group>";
		};
		51A95EB91CE4A78500E452C7 /* Math */ = {
			isa = PBXGroup;
			children = (
				51D9F57C1CD9E504000AB096 /* Numerics.swift */,
				51F8B91C1CD7B0E40029C1E0 /* Math.swift */,
				51F8B91F1CD7B0E40029C1E0 /* Operation.swift */,
				51F8B9241CD7B0E40029C1E0 /* Random.swift */,
			);
			name = Math;
			sourceTree = "<group>";
		};
		51A95ECB1CE4E1FA00E452C7 /* Effect */ = {
			isa = PBXGroup;
			children = (
				51F8B9211CD7B0E40029C1E0 /* PerspectiveEffect.swift */,
			);
			name = Effect;
			sourceTree = "<group>";
		};
		51A95ECC1CE4E24200E452C7 /* IO */ = {
			isa = PBXGroup;
			children = (
				51F8B92A1CD7B0E40029C1E0 /* Streams.swift */,
				516141291CEDD4630037C6E9 /* Textures.swift */,
			);
			name = IO;
			sourceTree = "<group>";
		};
		51BD8AC01CE239EC0024A2CA /* Plane */ = {
			isa = PBXGroup;
			children = (
				51F8B9221CD7B0E40029C1E0 /* Plane.swift */,
				51BD8ABE1CE20FE50024A2CA /* ColorQuadrilateral.swift */,
			);
			name = Plane;
			sourceTree = "<group>";
		};
		51BD8AC11CE239FB0024A2CA /* UI */ = {
			isa = PBXGroup;
			children = (
				51833DDF1CE0EE79003052C8 /* Map */,
				51BD8AC01CE239EC0024A2CA /* Plane */,
				6440EA371CDCE84100190C3D /* Sprite */,
				649D28321CF208C400207AFC /* Animator.swift */,
				51F8B9311CD7B0E40029C1E0 /* View.swift */,
				51F73C731D007758007E8276 /* MelisseViewController-iOS.swift */,
				51F73C761D007926007E8276 /* MelisseViewController-Mac.swift */,
				51F73C781D00799C007E8276 /* MelisseViewController-Shared.swift */,
			);
			name = UI;
			sourceTree = "<group>";
		};
		51BD8AC21CE23A310024A2CA /* Palette */ = {
			isa = PBXGroup;
			children = (
				51F8B9201CD7B0E40029C1E0 /* Palette.swift */,
				51BD8AB81CE1FD830024A2CA /* ImagePalette.swift */,
				51BD8ABA1CE1FDAA0024A2CA /* AlphaColorPalette.swift */,
			);
			name = Palette;
			sourceTree = "<group>";
		};
		51D9F5761CD9E242000AB096 /* Audio */ = {
			isa = PBXGroup;
			children = (
				51D9F5721CD9E1CE000AB096 /* Audio.swift */,
				515E79521CE0CE6B0044E22F /* NoAudio.swift */,
				51D9F5771CD9E257000AB096 /* OpenALAudio.swift */,
				51F8B9281CD7B0E40029C1E0 /* SoundSet.swift */,
			);
			name = Audio;
			sourceTree = "<group>";
		};
		51D9F5791CD9E3FD000AB096 /* Controller */ = {
			isa = PBXGroup;
			children = (
				64BB3C271CE9F2630063958F /* Controller.swift */,
				51F8B9181CD7B0E40029C1E0 /* Input.swift */,
				51F8B9151CD7B0E40029C1E0 /* GamepadController.swift */,
				51F8B9301CD7B0E40029C1E0 /* TouchController.swift */,
				519F80F31CECD14200211E4C /* KeyboardController.swift */,
				51F8B95D1CD7B15B0029C1E0 /* KeyboardListener.swift */,
				51F8B91E1CD7B0E40029C1E0 /* NoController.swift */,
				56ACEBC51D1ACD3F00038CA4 /* TouchSensitiveZone.swift */,
			);
			name = Controller;
			sourceTree = "<group>";
		};
		51D9F5941CDA17CE000AB096 /* Geometry */ = {
			isa = PBXGroup;
			children = (
				51F8B9231CD7B0E40029C1E0 /* Point.swift */,
				51D9F5A51CDA2134000AB096 /* Size.swift */,
				51D9F5971CDA17F6000AB096 /* Rectangle.swift */,
				51D9F5991CDA194F000AB096 /* Quadrilateral.swift */,
				6440EA351CDCC89300190C3D /* Offset.swift */,
			);
			name = Geometry;
			sourceTree = "<group>";
		};
		51D9F5A71CDA264D000AB096 /* Surface */ = {
			isa = PBXGroup;
			children = (
				51F8B90F1CD7B0E40029C1E0 /* Color.swift */,
				51C476B51CFED96D00C22A38 /* Gradient.swift */,
				51F8B95C1CD7B15B0029C1E0 /* Draws.swift */,
				51F8B9251CD7B0E40029C1E0 /* ReferencePool.swift */,
				51D9F5921CDA0CA3000AB096 /* Surface.swift */,
				51D9F57A1CD9E48E000AB096 /* SurfaceArray.swift */,
				51F8B92F1CD7B0E40029C1E0 /* Surfaces.swift */,
			);
			name = Surface;
			sourceTree = "<group>";
		};
		51F8B8F31CD78DF70029C1E0 = {
			isa = PBXGroup;
			children = (
				643817CC1CE7A131002C68F8 /* Melisse */,
				6429FED11CE879010052ED4D /* Melisse Mac */,
				51F8B8FE1CD78DF70029C1E0 /* Products */,
			);
			sourceTree = "<group>";
		};
		51F8B8FE1CD78DF70029C1E0 /* Products */ = {
			isa = PBXGroup;
			children = (
				643817D81CE7A194002C68F8 /* Melisse.framework */,
				6429FED01CE879000052ED4D /* Melisse.framework */,
			);
			name = Products;
			sourceTree = "<group>";
		};
		6429FED11CE879010052ED4D /* Melisse Mac */ = {
			isa = PBXGroup;
			children = (
				6429FED21CE879010052ED4D /* Melisse Mac.h */,
				6429FED41CE879010052ED4D /* Info.plist */,
			);
			path = "Melisse Mac";
			sourceTree = "<group>";
		};
		643817CC1CE7A131002C68F8 /* Melisse */ = {
			isa = PBXGroup;
			children = (
				51D9F5761CD9E242000AB096 /* Audio */,
				51A95ECB1CE4E1FA00E452C7 /* Effect */,
				51D9F5941CDA17CE000AB096 /* Geometry */,
				51D9F5791CD9E3FD000AB096 /* Controller */,
				51A95ECC1CE4E24200E452C7 /* IO */,
				51A95EB91CE4A78500E452C7 /* Math */,
				515E794B1CE0CD160044E22F /* Scene */,
				51D9F5A71CDA264D000AB096 /* Surface */,
				51BD8AC11CE239FB0024A2CA /* UI */,
				643817DA1CE7A194002C68F8 /* Melisse.h */,
				643817DC1CE7A194002C68F8 /* Info.plist */,
			);
			path = Melisse;
			sourceTree = "<group>";
		};
		6440EA371CDCE84100190C3D /* Sprite */ = {
			isa = PBXGroup;
			children = (
				64B6F74D1CDE661200CECE15 /* Animation */,
				64B6F7521CDE68CC00CECE15 /* Definition */,
				6496DB301CDF71D800121F0A /* Motion */,
				51A95EB81CE4A21C00E452C7 /* Text */,
				64BA6C191CE1127E0093E184 /* Axe.swift */,
				51F8B9121CD7B0E40029C1E0 /* Direction.swift */,
				51F8B9171CD7B0E40029C1E0 /* Hitbox.swift */,
				515FDEB11E27F38E00B2DF31 /* HasHitbox.swift */,
				6496DB2C1CDF2AE200121F0A /* Loader.swift */,
				6457C1621CDB946D00794F1D /* Sprite.swift */,
				516141381CEDFB8D0037C6E9 /* SpriteAtlas.swift */,
				51F8B9291CD7B0E40029C1E0 /* SpriteFactory.swift */,
				6496DB2E1CDF2B1700121F0A /* SpriteInfo.swift */,
				6440EA381CDCE85500190C3D /* SpriteType.swift */,
			);
			name = Sprite;
			sourceTree = "<group>";
		};
		6496DB301CDF71D800121F0A /* Motion */ = {
			isa = PBXGroup;
			children = (
				51F8B91D1CD7B0E40029C1E0 /* Motion.swift */,
				6496DB311CDF71F900121F0A /* NoMotion.swift */,
			);
			name = Motion;
			sourceTree = "<group>";
		};
		64B6F74D1CDE661200CECE15 /* Animation */ = {
			isa = PBXGroup;
			children = (
				51F8B90A1CD7B0E40029C1E0 /* Animation.swift */,
				64B6F74E1CDE662100CECE15 /* AnimationFrame.swift */,
				64B6F7501CDE678D00CECE15 /* AnimationName.swift */,
				51CACEF41CE3253100F5B795 /* NoAnimation.swift */,
				51CACEFB1CE352D900F5B795 /* SingleFrameAnimation.swift */,
				51CACEFD1CE3579900F5B795 /* LoopingAnimation.swift */,
				51CACEFF1CE358E600F5B795 /* SynchronizedLoopingAnimation.swift */,
				51CACF131CE37CC300F5B795 /* PlayOnceAnimation.swift */,
				51CACF151CE38A8400F5B795 /* BlinkingAnimation.swift */,
			);
			name = Animation;
			sourceTree = "<group>";
		};
		64B6F7521CDE68CC00CECE15 /* Definition */ = {
			isa = PBXGroup;
			children = (
				64B6F7551CDE6D2800CECE15 /* AnimationDefinition.swift */,
				51F8B9111CD7B0E40029C1E0 /* SpriteDefinition.swift */,
			);
			name = Definition;
			sourceTree = "<group>";
		};
/* End PBXGroup section */

/* Begin PBXHeadersBuildPhase section */
		6429FECD1CE879000052ED4D /* Headers */ = {
			isa = PBXHeadersBuildPhase;
			buildActionMask = 2147483647;
			files = (
				6429FED31CE879010052ED4D /* Melisse Mac.h in Headers */,
			);
			runOnlyForDeploymentPostprocessing = 0;
		};
		643817D51CE7A194002C68F8 /* Headers */ = {
			isa = PBXHeadersBuildPhase;
			buildActionMask = 2147483647;
			files = (
				643817DB1CE7A194002C68F8 /* Melisse.h in Headers */,
			);
			runOnlyForDeploymentPostprocessing = 0;
		};
/* End PBXHeadersBuildPhase section */

/* Begin PBXNativeTarget section */
		6429FECF1CE879000052ED4D /* Melisse-Mac */ = {
			isa = PBXNativeTarget;
			buildConfigurationList = 6429FED51CE879010052ED4D /* Build configuration list for PBXNativeTarget "Melisse-Mac" */;
			buildPhases = (
				6429FECB1CE879000052ED4D /* Sources */,
				6429FECC1CE879000052ED4D /* Frameworks */,
				6429FECD1CE879000052ED4D /* Headers */,
				6429FECE1CE879000052ED4D /* Resources */,
			);
			buildRules = (
			);
			dependencies = (
			);
			name = "Melisse-Mac";
			productName = "Melisse Mac";
			productReference = 6429FED01CE879000052ED4D /* Melisse.framework */;
			productType = "com.apple.product-type.framework";
		};
		643817D71CE7A194002C68F8 /* Melisse-iOS */ = {
			isa = PBXNativeTarget;
			buildConfigurationList = 643817DD1CE7A194002C68F8 /* Build configuration list for PBXNativeTarget "Melisse-iOS" */;
			buildPhases = (
				643817D31CE7A194002C68F8 /* Sources */,
				643817D41CE7A194002C68F8 /* Frameworks */,
				643817D51CE7A194002C68F8 /* Headers */,
				643817D61CE7A194002C68F8 /* Resources */,
			);
			buildRules = (
			);
			dependencies = (
			);
			name = "Melisse-iOS";
			productName = Melisse;
			productReference = 643817D81CE7A194002C68F8 /* Melisse.framework */;
			productType = "com.apple.product-type.framework";
		};
/* End PBXNativeTarget section */

/* Begin PBXProject section */
		51F8B8F41CD78DF70029C1E0 /* Project object */ = {
			isa = PBXProject;
			attributes = {
				LastUpgradeCheck = 0800;
				ORGANIZATIONNAME = "Raphaël Calabro";
				TargetAttributes = {
					6429FECF1CE879000052ED4D = {
						CreatedOnToolsVersion = 7.3.1;
						DevelopmentTeam = E6H8T594R7;
						LastSwiftMigration = 0800;
					};
					643817D71CE7A194002C68F8 = {
						CreatedOnToolsVersion = 7.3.1;
						DevelopmentTeam = E6H8T594R7;
						LastSwiftMigration = 0800;
					};
				};
			};
			buildConfigurationList = 51F8B8F71CD78DF70029C1E0 /* Build configuration list for PBXProject "Melisse" */;
			compatibilityVersion = "Xcode 3.2";
			developmentRegion = English;
			hasScannedForEncodings = 0;
			knownRegions = (
				en,
			);
			mainGroup = 51F8B8F31CD78DF70029C1E0;
			productRefGroup = 51F8B8FE1CD78DF70029C1E0 /* Products */;
			projectDirPath = "";
			projectRoot = "";
			targets = (
				643817D71CE7A194002C68F8 /* Melisse-iOS */,
				6429FECF1CE879000052ED4D /* Melisse-Mac */,
			);
		};
/* End PBXProject section */

/* Begin PBXResourcesBuildPhase section */
		6429FECE1CE879000052ED4D /* Resources */ = {
			isa = PBXResourcesBuildPhase;
			buildActionMask = 2147483647;
			files = (
			);
			runOnlyForDeploymentPostprocessing = 0;
		};
		643817D61CE7A194002C68F8 /* Resources */ = {
			isa = PBXResourcesBuildPhase;
			buildActionMask = 2147483647;
			files = (
			);
			runOnlyForDeploymentPostprocessing = 0;
		};
/* End PBXResourcesBuildPhase section */

/* Begin PBXSourcesBuildPhase section */
		6429FECB1CE879000052ED4D /* Sources */ = {
			isa = PBXSourcesBuildPhase;
			buildActionMask = 2147483647;
			files = (
				6429FED81CE87B850052ED4D /* PerspectiveEffect.swift in Sources */,
				6429FED91CE87B850052ED4D /* Point.swift in Sources */,
				641F29EC1CF07466000E85E3 /* SoundSet.swift in Sources */,
				6429FEDA1CE87B850052ED4D /* Size.swift in Sources */,
				6429FEDB1CE87B850052ED4D /* Rectangle.swift in Sources */,
				515FDEB31E27F38E00B2DF31 /* HasHitbox.swift in Sources */,
				6429FEDC1CE87B850052ED4D /* Quadrilateral.swift in Sources */,
				51F73C791D00799C007E8276 /* MelisseViewController-Shared.swift in Sources */,
				6429FEDD1CE87B850052ED4D /* Offset.swift in Sources */,
				6429FEDF1CE87B850052ED4D /* Streams.swift in Sources */,
				64BB3C301CE9FB570063958F /* Counter.swift in Sources */,
				6429FEE01CE87B850052ED4D /* Numerics.swift in Sources */,
				6429FEE11CE87B850052ED4D /* Math.swift in Sources */,
				6429FEE21CE87B850052ED4D /* Operation.swift in Sources */,
				6429FEE31CE87B850052ED4D /* Random.swift in Sources */,
				6429FEE41CE87B850052ED4D /* Camera.swift in Sources */,
				6429FEE51CE87B850052ED4D /* Director.swift in Sources */,
				6429FEE61CE87B850052ED4D /* Scene.swift in Sources */,
				6429FEE71CE87B850052ED4D /* EmptyScene.swift in Sources */,
				6429FEE81CE87B850052ED4D /* Fade.swift in Sources */,
				6429FEE91CE87B850052ED4D /* FadeScene.swift in Sources */,
				6429FEEA1CE87B850052ED4D /* NoFade.swift in Sources */,
				5161412B1CEDD4630037C6E9 /* Textures.swift in Sources */,
				6429FEEB1CE87B850052ED4D /* Color.swift in Sources */,
				516896481CEC92B400B23BD8 /* GamepadController.swift in Sources */,
				6429FEEC1CE87B850052ED4D /* Draws.swift in Sources */,
				6429FEED1CE87B850052ED4D /* ReferencePool.swift in Sources */,
				6429FEEE1CE87B850052ED4D /* Surface.swift in Sources */,
				64BB3B2F1CE8978F0063958F /* NoAudio.swift in Sources */,
				51B04B001CF8942400048E46 /* OpenALAudio.swift in Sources */,
				6429FEEF1CE87B850052ED4D /* SurfaceArray.swift in Sources */,
				6429FEF01CE87B850052ED4D /* Surfaces.swift in Sources */,
				519F80F51CECD14800211E4C /* KeyboardController.swift in Sources */,
				6429FEF11CE87B850052ED4D /* Plane.swift in Sources */,
				6429FEF21CE87B850052ED4D /* ColorQuadrilateral.swift in Sources */,
				64BB3B2E1CE897860063958F /* Audio.swift in Sources */,
				5168964B1CEC92C800B23BD8 /* NoController.swift in Sources */,
				6429FEF31CE87B850052ED4D /* Animation.swift in Sources */,
				6429FEF41CE87B850052ED4D /* AnimationFrame.swift in Sources */,
				6429FEF51CE87B850052ED4D /* AnimationName.swift in Sources */,
				6429FEF61CE87B850052ED4D /* NoAnimation.swift in Sources */,
				6429FEF71CE87B850052ED4D /* SingleFrameAnimation.swift in Sources */,
				6429FEF81CE87B850052ED4D /* LoopingAnimation.swift in Sources */,
				649D28341CF208C400207AFC /* Animator.swift in Sources */,
				64BB3C291CE9F2630063958F /* Controller.swift in Sources */,
				6429FEF91CE87B850052ED4D /* SynchronizedLoopingAnimation.swift in Sources */,
				6429FEFA1CE87B850052ED4D /* PlayOnceAnimation.swift in Sources */,
				6429FEFB1CE87B850052ED4D /* BlinkingAnimation.swift in Sources */,
				6429FEFC1CE87B850052ED4D /* AnimationDefinition.swift in Sources */,
				6429FEFD1CE87B850052ED4D /* SpriteDefinition.swift in Sources */,
				6429FEFE1CE87B850052ED4D /* Motion.swift in Sources */,
				5161413A1CEDFB8D0037C6E9 /* SpriteAtlas.swift in Sources */,
				6429FEFF1CE87B850052ED4D /* NoMotion.swift in Sources */,
				6429FF021CE87B850052ED4D /* Font.swift in Sources */,
				6429FF031CE87B850052ED4D /* Text.swift in Sources */,
				6429FF041CE87B850052ED4D /* Axe.swift in Sources */,
				6429FF051CE87B850052ED4D /* Direction.swift in Sources */,
				6429FF061CE87B850052ED4D /* Hitbox.swift in Sources */,
				64BB3C331CEA464D0063958F /* Input.swift in Sources */,
				6429FF081CE87B850052ED4D /* Sprite.swift in Sources */,
				6429FF091CE87B850052ED4D /* SpriteFactory.swift in Sources */,
				64BB3C2E1CE9F3450063958F /* Menu.swift in Sources */,
				6429FF0A1CE87B850052ED4D /* SpriteInfo.swift in Sources */,
				6429FF0B1CE87B850052ED4D /* SpriteType.swift in Sources */,
				6429FF0C1CE87B850052ED4D /* Palette.swift in Sources */,
				6429FF0D1CE87B850052ED4D /* ImagePalette.swift in Sources */,
				6429FF0E1CE87B850052ED4D /* AlphaColorPalette.swift in Sources */,
				6429FF0F1CE87B850052ED4D /* Backdrop.swift in Sources */,
				6429FF101CE87B850052ED4D /* ColorGrid.swift in Sources */,
				6429FF111CE87B850052ED4D /* Grid.swift in Sources */,
				6429FF121CE87B850052ED4D /* Layer.swift in Sources */,
				6429FF141CE87B850052ED4D /* Map.swift in Sources */,
				51F73C771D007926007E8276 /* MelisseViewController-Mac.swift in Sources */,
				6429FF151CE87B850052ED4D /* View.swift in Sources */,
				51C476B71CFED96D00C22A38 /* Gradient.swift in Sources */,
			);
			runOnlyForDeploymentPostprocessing = 0;
		};
		643817D31CE7A194002C68F8 /* Sources */ = {
			isa = PBXSourcesBuildPhase;
			buildActionMask = 2147483647;
			files = (
				643817FE1CE7A1F1002C68F8 /* ReferencePool.swift in Sources */,
				643818071CE7A1F1002C68F8 /* NoAnimation.swift in Sources */,
				5168964A1CEC92C700B23BD8 /* NoController.swift in Sources */,
				64BB3C2F1CE9FB560063958F /* Counter.swift in Sources */,
				643817F81CE7A1F1002C68F8 /* EmptyScene.swift in Sources */,
				643817F51CE7A1F1002C68F8 /* Camera.swift in Sources */,
				643817E01CE7A1F1002C68F8 /* Audio.swift in Sources */,
				643818221CE7A1F1002C68F8 /* Grid.swift in Sources */,
				649D28331CF208C400207AFC /* Animator.swift in Sources */,
				643818201CE7A1F1002C68F8 /* Backdrop.swift in Sources */,
				643817E61CE7A1F1002C68F8 /* Size.swift in Sources */,
				643818191CE7A1F1002C68F8 /* Sprite.swift in Sources */,
				64BB3C2D1CE9F3450063958F /* Menu.swift in Sources */,
				643817FB1CE7A1F1002C68F8 /* NoFade.swift in Sources */,
				643818251CE7A1F1002C68F8 /* Map.swift in Sources */,
				643818101CE7A1F1002C68F8 /* NoMotion.swift in Sources */,
				643817F31CE7A1F1002C68F8 /* Operation.swift in Sources */,
				643817E11CE7A1F1002C68F8 /* NoAudio.swift in Sources */,
				6438180C1CE7A1F1002C68F8 /* BlinkingAnimation.swift in Sources */,
				64BB3C281CE9F2630063958F /* Controller.swift in Sources */,
				6438181A1CE7A1F1002C68F8 /* SpriteFactory.swift in Sources */,
				5161412A1CEDD4630037C6E9 /* Textures.swift in Sources */,
				6438180F1CE7A1F1002C68F8 /* Motion.swift in Sources */,
				516896491CEC92B700B23BD8 /* GamepadController.swift in Sources */,
				643817E51CE7A1F1002C68F8 /* Point.swift in Sources */,
				643817E41CE7A1F1002C68F8 /* PerspectiveEffect.swift in Sources */,
				515FDEB21E27F38E00B2DF31 /* HasHitbox.swift in Sources */,
				643817E31CE7A1F1002C68F8 /* SoundSet.swift in Sources */,
				6438181C1CE7A1F1002C68F8 /* SpriteType.swift in Sources */,
				643817F11CE7A1F1002C68F8 /* Numerics.swift in Sources */,
				643818131CE7A1F1002C68F8 /* Font.swift in Sources */,
				643817E91CE7A1F1002C68F8 /* Offset.swift in Sources */,
				643818011CE7A1F1002C68F8 /* Surfaces.swift in Sources */,
				643818061CE7A1F1002C68F8 /* AnimationName.swift in Sources */,
				643817FF1CE7A1F1002C68F8 /* Surface.swift in Sources */,
				6438180A1CE7A1F1002C68F8 /* SynchronizedLoopingAnimation.swift in Sources */,
				643817E21CE7A1F1002C68F8 /* OpenALAudio.swift in Sources */,
				51B04AF41CF87D6800048E46 /* PerspectiveCalibrationScene.swift in Sources */,
				643818051CE7A1F1002C68F8 /* AnimationFrame.swift in Sources */,
				643818261CE7A1F1002C68F8 /* View.swift in Sources */,
				51F73C741D007758007E8276 /* MelisseViewController-iOS.swift in Sources */,
				643818161CE7A1F1002C68F8 /* Direction.swift in Sources */,
				643817FC1CE7A1F1002C68F8 /* Color.swift in Sources */,
				643818001CE7A1F1002C68F8 /* SurfaceArray.swift in Sources */,
				643817FA1CE7A1F1002C68F8 /* FadeScene.swift in Sources */,
				643817F21CE7A1F1002C68F8 /* Math.swift in Sources */,
				643818211CE7A1F1002C68F8 /* ColorGrid.swift in Sources */,
				6438181F1CE7A1F1002C68F8 /* AlphaColorPalette.swift in Sources */,
				6438180B1CE7A1F1002C68F8 /* PlayOnceAnimation.swift in Sources */,
				643817FD1CE7A1F1002C68F8 /* Draws.swift in Sources */,
				643818141CE7A1F1002C68F8 /* Text.swift in Sources */,
				643817E81CE7A1F1002C68F8 /* Quadrilateral.swift in Sources */,
				516141391CEDFB8D0037C6E9 /* SpriteAtlas.swift in Sources */,
				6438181B1CE7A1F1002C68F8 /* SpriteInfo.swift in Sources */,
				51F73C7A1D007D93007E8276 /* MelisseViewController-Shared.swift in Sources */,
				6438181E1CE7A1F1002C68F8 /* ImagePalette.swift in Sources */,
				643818151CE7A1F1002C68F8 /* Axe.swift in Sources */,
				643818021CE7A1F1002C68F8 /* Plane.swift in Sources */,
				643817F91CE7A1F1002C68F8 /* Fade.swift in Sources */,
				643817E71CE7A1F1002C68F8 /* Rectangle.swift in Sources */,
				643818041CE7A1F1002C68F8 /* Animation.swift in Sources */,
				643818231CE7A1F1002C68F8 /* Layer.swift in Sources */,
				643818171CE7A1F1002C68F8 /* Hitbox.swift in Sources */,
				64BB3C321CEA464C0063958F /* Input.swift in Sources */,
				6438181D1CE7A1F1002C68F8 /* Palette.swift in Sources */,
				56ACEBC61D1ACD3F00038CA4 /* TouchSensitiveZone.swift in Sources */,
				643817F71CE7A1F1002C68F8 /* Scene.swift in Sources */,
				6438180E1CE7A1F1002C68F8 /* SpriteDefinition.swift in Sources */,
				643817F61CE7A1F1002C68F8 /* Director.swift in Sources */,
				643818091CE7A1F1002C68F8 /* LoopingAnimation.swift in Sources */,
				643818031CE7A1F1002C68F8 /* ColorQuadrilateral.swift in Sources */,
				64BB3C341CEA4A1B0063958F /* TouchController.swift in Sources */,
				643818081CE7A1F1002C68F8 /* SingleFrameAnimation.swift in Sources */,
				6438180D1CE7A1F1002C68F8 /* AnimationDefinition.swift in Sources */,
				643817F01CE7A1F1002C68F8 /* Streams.swift in Sources */,
				51C476B61CFED96D00C22A38 /* Gradient.swift in Sources */,
				643817F41CE7A1F1002C68F8 /* Random.swift in Sources */,
			);
			runOnlyForDeploymentPostprocessing = 0;
		};
/* End PBXSourcesBuildPhase section */

/* Begin XCBuildConfiguration section */
		51F8B9031CD78DF70029C1E0 /* Debug */ = {
			isa = XCBuildConfiguration;
			buildSettings = {
				ALWAYS_SEARCH_USER_PATHS = NO;
				CLANG_ANALYZER_NONNULL = YES;
				CLANG_CXX_LANGUAGE_STANDARD = "gnu++0x";
				CLANG_CXX_LIBRARY = "libc++";
				CLANG_ENABLE_MODULES = YES;
				CLANG_ENABLE_OBJC_ARC = YES;
				CLANG_WARN_BOOL_CONVERSION = YES;
				CLANG_WARN_CONSTANT_CONVERSION = YES;
				CLANG_WARN_DIRECT_OBJC_ISA_USAGE = YES_ERROR;
				CLANG_WARN_EMPTY_BODY = YES;
				CLANG_WARN_ENUM_CONVERSION = YES;
				CLANG_WARN_INFINITE_RECURSION = YES;
				CLANG_WARN_INT_CONVERSION = YES;
				CLANG_WARN_OBJC_ROOT_CLASS = YES_ERROR;
				CLANG_WARN_SUSPICIOUS_MOVE = YES;
				CLANG_WARN_UNREACHABLE_CODE = YES;
				CLANG_WARN__DUPLICATE_METHOD_MATCH = YES;
				"CODE_SIGN_IDENTITY[sdk=iphoneos*]" = "iPhone Developer";
				COPY_PHASE_STRIP = NO;
				CURRENT_PROJECT_VERSION = 1;
				DEBUG_INFORMATION_FORMAT = dwarf;
				ENABLE_STRICT_OBJC_MSGSEND = YES;
				ENABLE_TESTABILITY = YES;
				GCC_C_LANGUAGE_STANDARD = gnu99;
				GCC_DYNAMIC_NO_PIC = NO;
				GCC_NO_COMMON_BLOCKS = YES;
				GCC_OPTIMIZATION_LEVEL = 0;
				GCC_PREPROCESSOR_DEFINITIONS = (
					"DEBUG=1",
					"$(inherited)",
				);
				GCC_WARN_64_TO_32_BIT_CONVERSION = YES;
				GCC_WARN_ABOUT_RETURN_TYPE = YES_ERROR;
				GCC_WARN_UNDECLARED_SELECTOR = YES;
				GCC_WARN_UNINITIALIZED_AUTOS = YES_AGGRESSIVE;
				GCC_WARN_UNUSED_FUNCTION = YES;
				GCC_WARN_UNUSED_VARIABLE = YES;
				IPHONEOS_DEPLOYMENT_TARGET = 9.3;
				MTL_ENABLE_DEBUG_INFO = YES;
				ONLY_ACTIVE_ARCH = YES;
				SDKROOT = iphoneos;
				SWIFT_OPTIMIZATION_LEVEL = "-Onone";
				TARGETED_DEVICE_FAMILY = "1,2";
				VERSIONING_SYSTEM = "apple-generic";
				VERSION_INFO_PREFIX = "";
			};
			name = Debug;
		};
		51F8B9041CD78DF70029C1E0 /* Release */ = {
			isa = XCBuildConfiguration;
			buildSettings = {
				ALWAYS_SEARCH_USER_PATHS = NO;
				CLANG_ANALYZER_NONNULL = YES;
				CLANG_CXX_LANGUAGE_STANDARD = "gnu++0x";
				CLANG_CXX_LIBRARY = "libc++";
				CLANG_ENABLE_MODULES = YES;
				CLANG_ENABLE_OBJC_ARC = YES;
				CLANG_WARN_BOOL_CONVERSION = YES;
				CLANG_WARN_CONSTANT_CONVERSION = YES;
				CLANG_WARN_DIRECT_OBJC_ISA_USAGE = YES_ERROR;
				CLANG_WARN_EMPTY_BODY = YES;
				CLANG_WARN_ENUM_CONVERSION = YES;
				CLANG_WARN_INFINITE_RECURSION = YES;
				CLANG_WARN_INT_CONVERSION = YES;
				CLANG_WARN_OBJC_ROOT_CLASS = YES_ERROR;
				CLANG_WARN_SUSPICIOUS_MOVE = YES;
				CLANG_WARN_UNREACHABLE_CODE = YES;
				CLANG_WARN__DUPLICATE_METHOD_MATCH = YES;
				"CODE_SIGN_IDENTITY[sdk=iphoneos*]" = "iPhone Developer";
				COPY_PHASE_STRIP = NO;
				CURRENT_PROJECT_VERSION = 1;
				DEBUG_INFORMATION_FORMAT = "dwarf-with-dsym";
				ENABLE_NS_ASSERTIONS = NO;
				ENABLE_STRICT_OBJC_MSGSEND = YES;
				GCC_C_LANGUAGE_STANDARD = gnu99;
				GCC_NO_COMMON_BLOCKS = YES;
				GCC_WARN_64_TO_32_BIT_CONVERSION = YES;
				GCC_WARN_ABOUT_RETURN_TYPE = YES_ERROR;
				GCC_WARN_UNDECLARED_SELECTOR = YES;
				GCC_WARN_UNINITIALIZED_AUTOS = YES_AGGRESSIVE;
				GCC_WARN_UNUSED_FUNCTION = YES;
				GCC_WARN_UNUSED_VARIABLE = YES;
				IPHONEOS_DEPLOYMENT_TARGET = 9.3;
				MTL_ENABLE_DEBUG_INFO = NO;
				SDKROOT = iphoneos;
				TARGETED_DEVICE_FAMILY = "1,2";
				VALIDATE_PRODUCT = YES;
				VERSIONING_SYSTEM = "apple-generic";
				VERSION_INFO_PREFIX = "";
			};
			name = Release;
		};
		6429FED61CE879010052ED4D /* Debug */ = {
			isa = XCBuildConfiguration;
			buildSettings = {
				CODE_SIGN_IDENTITY = "";
				COMBINE_HIDPI_IMAGES = YES;
				DEFINES_MODULE = YES;
				DYLIB_COMPATIBILITY_VERSION = 1;
				DYLIB_CURRENT_VERSION = 1;
				DYLIB_INSTALL_NAME_BASE = "@rpath";
				FRAMEWORK_VERSION = A;
				INFOPLIST_FILE = "Melisse Mac/Info.plist";
				INSTALL_PATH = "$(LOCAL_LIBRARY_DIR)/Frameworks";
				LD_RUNPATH_SEARCH_PATHS = "$(inherited) @executable_path/../Frameworks @loader_path/Frameworks";
				MACOSX_DEPLOYMENT_TARGET = 10.10;
				OTHER_SWIFT_FLAGS = "-DSHOW_SPRITE_MANAGEMENT";
				PRODUCT_BUNDLE_IDENTIFIER = "fr.rca.Melisse-Mac";
				PRODUCT_NAME = Melisse;
				SDKROOT = macosx;
				SKIP_INSTALL = YES;
				SWIFT_ACTIVE_COMPILATION_CONDITIONS = "";
				SWIFT_VERSION = 3.0;
			};
			name = Debug;
		};
		6429FED71CE879010052ED4D /* Release */ = {
			isa = XCBuildConfiguration;
			buildSettings = {
				CODE_SIGN_IDENTITY = "";
				COMBINE_HIDPI_IMAGES = YES;
				DEFINES_MODULE = YES;
				DYLIB_COMPATIBILITY_VERSION = 1;
				DYLIB_CURRENT_VERSION = 1;
				DYLIB_INSTALL_NAME_BASE = "@rpath";
				FRAMEWORK_VERSION = A;
				INFOPLIST_FILE = "Melisse Mac/Info.plist";
				INSTALL_PATH = "$(LOCAL_LIBRARY_DIR)/Frameworks";
				LD_RUNPATH_SEARCH_PATHS = "$(inherited) @executable_path/../Frameworks @loader_path/Frameworks";
				MACOSX_DEPLOYMENT_TARGET = 10.10;
				OTHER_SWIFT_FLAGS = "-DSHOW_SPRITE_MANAGEMENT";
				PRODUCT_BUNDLE_IDENTIFIER = "fr.rca.Melisse-Mac";
				PRODUCT_NAME = Melisse;
				SDKROOT = macosx;
				SKIP_INSTALL = YES;
				SWIFT_ACTIVE_COMPILATION_CONDITIONS = "";
				SWIFT_OPTIMIZATION_LEVEL = "-Owholemodule";
				SWIFT_VERSION = 3.0;
			};
			name = Release;
		};
		643817DE1CE7A194002C68F8 /* Debug */ = {
			isa = XCBuildConfiguration;
			buildSettings = {
				CODE_SIGN_IDENTITY = "iPhone Developer";
				"CODE_SIGN_IDENTITY[sdk=iphoneos*]" = "";
				DEFINES_MODULE = YES;
				DYLIB_COMPATIBILITY_VERSION = 1;
				DYLIB_CURRENT_VERSION = 1;
				DYLIB_INSTALL_NAME_BASE = "@rpath";
				INFOPLIST_FILE = Melisse/Info.plist;
				INSTALL_PATH = "$(LOCAL_LIBRARY_DIR)/Frameworks";
				IPHONEOS_DEPLOYMENT_TARGET = 8.0;
				LD_RUNPATH_SEARCH_PATHS = "$(inherited) @executable_path/Frameworks @loader_path/Frameworks";
				PRODUCT_BUNDLE_IDENTIFIER = fr.rca.Melisse;
				PRODUCT_NAME = Melisse;
				SKIP_INSTALL = YES;
				SWIFT_VERSION = 3.0;
			};
			name = Debug;
		};
		643817DF1CE7A194002C68F8 /* Release */ = {
			isa = XCBuildConfiguration;
			buildSettings = {
				CODE_SIGN_IDENTITY = "iPhone Developer";
				"CODE_SIGN_IDENTITY[sdk=iphoneos*]" = "";
				DEFINES_MODULE = YES;
				DYLIB_COMPATIBILITY_VERSION = 1;
				DYLIB_CURRENT_VERSION = 1;
				DYLIB_INSTALL_NAME_BASE = "@rpath";
				INFOPLIST_FILE = Melisse/Info.plist;
				INSTALL_PATH = "$(LOCAL_LIBRARY_DIR)/Frameworks";
				IPHONEOS_DEPLOYMENT_TARGET = 8.0;
				LD_RUNPATH_SEARCH_PATHS = "$(inherited) @executable_path/Frameworks @loader_path/Frameworks";
				PRODUCT_BUNDLE_IDENTIFIER = fr.rca.Melisse;
				PRODUCT_NAME = Melisse;
				SKIP_INSTALL = YES;
				SWIFT_OPTIMIZATION_LEVEL = "-Owholemodule";
				SWIFT_VERSION = 3.0;
			};
			name = Release;
		};
/* End XCBuildConfiguration section */

/* Begin XCConfigurationList section */
		51F8B8F71CD78DF70029C1E0 /* Build configuration list for PBXProject "Melisse" */ = {
			isa = XCConfigurationList;
			buildConfigurations = (
				51F8B9031CD78DF70029C1E0 /* Debug */,
				51F8B9041CD78DF70029C1E0 /* Release */,
			);
			defaultConfigurationIsVisible = 0;
			defaultConfigurationName = Release;
		};
		6429FED51CE879010052ED4D /* Build configuration list for PBXNativeTarget "Melisse-Mac" */ = {
			isa = XCConfigurationList;
			buildConfigurations = (
				6429FED61CE879010052ED4D /* Debug */,
				6429FED71CE879010052ED4D /* Release */,
			);
			defaultConfigurationIsVisible = 0;
			defaultConfigurationName = Release;
		};
		643817DD1CE7A194002C68F8 /* Build configuration list for PBXNativeTarget "Melisse-iOS" */ = {
			isa = XCConfigurationList;
			buildConfigurations = (
				643817DE1CE7A194002C68F8 /* Debug */,
				643817DF1CE7A194002C68F8 /* Release */,
			);
			defaultConfigurationIsVisible = 0;
			defaultConfigurationName = Release;
		};
/* End XCConfigurationList section */
	};
	rootObject = 51F8B8F41CD78DF70029C1E0 /* Project object */;
}
